// !$*UTF8*$!
{
	archiveVersion = 1;
	classes = {
	};
	objectVersion = 46;
	objects = {

/* Begin PBXBuildFile section */
		1AC6FB1F180E996B004C840B /* libbox2d Mac.a in Frameworks */ = {isa = PBXBuildFile; fileRef = 1AC6FAFF180E9839004C840B /* libbox2d Mac.a */; };
		1AC6FB20180E996B004C840B /* libchipmunk Mac.a in Frameworks */ = {isa = PBXBuildFile; fileRef = 1AC6FAFD180E9839004C840B /* libchipmunk Mac.a */; };
		1AC6FB21180E996B004C840B /* libcocos2dx Mac.a in Frameworks */ = {isa = PBXBuildFile; fileRef = 1AC6FAF9180E9839004C840B /* libcocos2dx Mac.a */; };
		1AC6FB22180E996B004C840B /* libcocos2dx-extensions Mac.a in Frameworks */ = {isa = PBXBuildFile; fileRef = 1AC6FAFB180E9839004C840B /* libcocos2dx-extensions Mac.a */; };
		1AC6FB23180E996B004C840B /* libCocosDenshion Mac.a in Frameworks */ = {isa = PBXBuildFile; fileRef = 1AC6FB01180E9839004C840B /* libCocosDenshion Mac.a */; };
		1AC6FB2E180E99EB004C840B /* libbox2d iOS.a in Frameworks */ = {isa = PBXBuildFile; fileRef = 1AC6FB0D180E9839004C840B /* libbox2d iOS.a */; };
		1AC6FB2F180E99EB004C840B /* libchipmunk iOS.a in Frameworks */ = {isa = PBXBuildFile; fileRef = 1AC6FB0B180E9839004C840B /* libchipmunk iOS.a */; };
		1AC6FB30180E99EB004C840B /* libcocos2dx iOS.a in Frameworks */ = {isa = PBXBuildFile; fileRef = 1AC6FB07180E9839004C840B /* libcocos2dx iOS.a */; };
		1AC6FB31180E99EB004C840B /* libcocos2dx-extensions iOS.a in Frameworks */ = {isa = PBXBuildFile; fileRef = 1AC6FB09180E9839004C840B /* libcocos2dx-extensions iOS.a */; };
		1AC6FB32180E99EB004C840B /* libCocosDenshion iOS.a in Frameworks */ = {isa = PBXBuildFile; fileRef = 1AC6FB0F180E9839004C840B /* libCocosDenshion iOS.a */; };
		1AFAF8B716D35DE700DB1158 /* AppDelegate.cpp in Sources */ = {isa = PBXBuildFile; fileRef = 1AFAF8B316D35DE700DB1158 /* AppDelegate.cpp */; };
		1AFAF8B816D35DE700DB1158 /* HelloWorldScene.cpp in Sources */ = {isa = PBXBuildFile; fileRef = 1AFAF8B516D35DE700DB1158 /* HelloWorldScene.cpp */; };
		1AFAF8BC16D35E4900DB1158 /* CloseNormal.png in Resources */ = {isa = PBXBuildFile; fileRef = 1AFAF8B916D35E4900DB1158 /* CloseNormal.png */; };
		1AFAF8BD16D35E4900DB1158 /* CloseSelected.png in Resources */ = {isa = PBXBuildFile; fileRef = 1AFAF8BA16D35E4900DB1158 /* CloseSelected.png */; };
		1AFAF8BE16D35E4900DB1158 /* HelloWorld.png in Resources */ = {isa = PBXBuildFile; fileRef = 1AFAF8BB16D35E4900DB1158 /* HelloWorld.png */; };
		1D60589F0D05DD5A006BFB54 /* Foundation.framework in Frameworks */ = {isa = PBXBuildFile; fileRef = 1D30AB110D05D00D00671497 /* Foundation.framework */; };
		1DF5F4E00D08C38300B7A737 /* UIKit.framework in Frameworks */ = {isa = PBXBuildFile; fileRef = 1DF5F4DF0D08C38300B7A737 /* UIKit.framework */; };
		23567FCD1BEA3BC500FD98DF /* msgmove.pb.cc in Sources */ = {isa = PBXBuildFile; fileRef = 23567FCB1BEA3BC500FD98DF /* msgmove.pb.cc */; };
		23567FCE1BEA3BC500FD98DF /* msgmove.pb.cc in Sources */ = {isa = PBXBuildFile; fileRef = 23567FCB1BEA3BC500FD98DF /* msgmove.pb.cc */; };
		23567FD31BEA536000FD98DF /* msgmoveRes.pb.cc in Sources */ = {isa = PBXBuildFile; fileRef = 23567FD11BEA536000FD98DF /* msgmoveRes.pb.cc */; };
		23567FD41BEA536000FD98DF /* msgmoveRes.pb.cc in Sources */ = {isa = PBXBuildFile; fileRef = 23567FD11BEA536000FD98DF /* msgmoveRes.pb.cc */; };
		236BCB871BE3AFA200697881 /* Login.cpp in Sources */ = {isa = PBXBuildFile; fileRef = 236BCB851BE3AFA200697881 /* Login.cpp */; };
		236BCB881BE3AFA200697881 /* Login.cpp in Sources */ = {isa = PBXBuildFile; fileRef = 236BCB851BE3AFA200697881 /* Login.cpp */; };
		236BCB8C1BE3C3E000697881 /* images in Resources */ = {isa = PBXBuildFile; fileRef = 236BCB8B1BE3C3E000697881 /* images */; };
		236BCB8D1BE3C3E000697881 /* images in Resources */ = {isa = PBXBuildFile; fileRef = 236BCB8B1BE3C3E000697881 /* images */; };
		236BCB921BE3CB4900697881 /* ZCButton.cpp in Sources */ = {isa = PBXBuildFile; fileRef = 236BCB901BE3CB4900697881 /* ZCButton.cpp */; };
		236BCB931BE3CB4900697881 /* ZCButton.cpp in Sources */ = {isa = PBXBuildFile; fileRef = 236BCB901BE3CB4900697881 /* ZCButton.cpp */; };
		2370D4DB1BEB97B400936159 /* BroadcastHandler.cpp in Sources */ = {isa = PBXBuildFile; fileRef = 2370D4D31BEB97B400936159 /* BroadcastHandler.cpp */; };
		2370D4DC1BEB97B400936159 /* BroadcastHandler.cpp in Sources */ = {isa = PBXBuildFile; fileRef = 2370D4D31BEB97B400936159 /* BroadcastHandler.cpp */; };
		2370D4DD1BEB97B400936159 /* GameHandler.cpp in Sources */ = {isa = PBXBuildFile; fileRef = 2370D4D51BEB97B400936159 /* GameHandler.cpp */; };
		2370D4DE1BEB97B400936159 /* GameHandler.cpp in Sources */ = {isa = PBXBuildFile; fileRef = 2370D4D51BEB97B400936159 /* GameHandler.cpp */; };
		2370D4DF1BEB97B400936159 /* LoginHandler.cpp in Sources */ = {isa = PBXBuildFile; fileRef = 2370D4D71BEB97B400936159 /* LoginHandler.cpp */; };
		2370D4E01BEB97B400936159 /* LoginHandler.cpp in Sources */ = {isa = PBXBuildFile; fileRef = 2370D4D71BEB97B400936159 /* LoginHandler.cpp */; };
		2370D4E11BEB97B400936159 /* SystemHandler.cpp in Sources */ = {isa = PBXBuildFile; fileRef = 2370D4D91BEB97B400936159 /* SystemHandler.cpp */; };
		2370D4E21BEB97B400936159 /* SystemHandler.cpp in Sources */ = {isa = PBXBuildFile; fileRef = 2370D4D91BEB97B400936159 /* SystemHandler.cpp */; };
		2370D5071BECFB3600936159 /* msgdelay.pb.cc in Sources */ = {isa = PBXBuildFile; fileRef = 2370D5051BECFB3600936159 /* msgdelay.pb.cc */; };
		2370D5081BECFB3600936159 /* msgdelay.pb.cc in Sources */ = {isa = PBXBuildFile; fileRef = 2370D5051BECFB3600936159 /* msgdelay.pb.cc */; };
		2370D50E1BECFB7000936159 /* TestGame.cpp in Sources */ = {isa = PBXBuildFile; fileRef = 2370D50C1BECFB7000936159 /* TestGame.cpp */; };
		2370D50F1BECFB7000936159 /* TestGame.cpp in Sources */ = {isa = PBXBuildFile; fileRef = 2370D50C1BECFB7000936159 /* TestGame.cpp */; };
		2370D5121BECFC9700936159 /* TestPlayer.cpp in Sources */ = {isa = PBXBuildFile; fileRef = 2370D5101BECFC9700936159 /* TestPlayer.cpp */; };
		2370D5131BECFC9700936159 /* TestPlayer.cpp in Sources */ = {isa = PBXBuildFile; fileRef = 2370D5101BECFC9700936159 /* TestPlayer.cpp */; };
		2382BD491BE7845A0029156B /* BaseSocket.cpp in Sources */ = {isa = PBXBuildFile; fileRef = 2382BD3E1BE7845A0029156B /* BaseSocket.cpp */; };
		2382BD4A1BE7845A0029156B /* BaseSocket.cpp in Sources */ = {isa = PBXBuildFile; fileRef = 2382BD3E1BE7845A0029156B /* BaseSocket.cpp */; };
		2382BD4B1BE7845A0029156B /* MsgDispatch.cpp in Sources */ = {isa = PBXBuildFile; fileRef = 2382BD411BE7845A0029156B /* MsgDispatch.cpp */; };
		2382BD4C1BE7845A0029156B /* MsgDispatch.cpp in Sources */ = {isa = PBXBuildFile; fileRef = 2382BD411BE7845A0029156B /* MsgDispatch.cpp */; };
		2382BD4D1BE7845A0029156B /* NetWorkManager.cpp in Sources */ = {isa = PBXBuildFile; fileRef = 2382BD451BE7845A0029156B /* NetWorkManager.cpp */; };
		2382BD4E1BE7845A0029156B /* NetWorkManager.cpp in Sources */ = {isa = PBXBuildFile; fileRef = 2382BD451BE7845A0029156B /* NetWorkManager.cpp */; };
		2382BD4F1BE7845A0029156B /* SocketManager.cpp in Sources */ = {isa = PBXBuildFile; fileRef = 2382BD471BE7845A0029156B /* SocketManager.cpp */; };
		2382BD501BE7845A0029156B /* SocketManager.cpp in Sources */ = {isa = PBXBuildFile; fileRef = 2382BD471BE7845A0029156B /* SocketManager.cpp */; };
		2382BD631BE792070029156B /* libprotobuf.a in Frameworks */ = {isa = PBXBuildFile; fileRef = 2382BD621BE792070029156B /* libprotobuf.a */; };
		2382BD641BE792070029156B /* libprotobuf.a in Frameworks */ = {isa = PBXBuildFile; fileRef = 2382BD621BE792070029156B /* libprotobuf.a */; };
		2382BDA51BE7920E0029156B /* plugin.proto in Resources */ = {isa = PBXBuildFile; fileRef = 2382BD721BE7920E0029156B /* plugin.proto */; };
		2382BDA61BE7920E0029156B /* plugin.proto in Resources */ = {isa = PBXBuildFile; fileRef = 2382BD721BE7920E0029156B /* plugin.proto */; };
		2382BDA71BE7920E0029156B /* descriptor.proto in Resources */ = {isa = PBXBuildFile; fileRef = 2382BD771BE7920E0029156B /* descriptor.proto */; };
		2382BDA81BE7920E0029156B /* descriptor.proto in Resources */ = {isa = PBXBuildFile; fileRef = 2382BD771BE7920E0029156B /* descriptor.proto */; };
		23C9FA231BE7AE7C00170B96 /* GameScene.cpp in Sources */ = {isa = PBXBuildFile; fileRef = 23C9FA211BE7AE7C00170B96 /* GameScene.cpp */; };
		23C9FA241BE7AE7C00170B96 /* GameScene.cpp in Sources */ = {isa = PBXBuildFile; fileRef = 23C9FA211BE7AE7C00170B96 /* GameScene.cpp */; };
		23C9FA2A1BE7AED500170B96 /* GameMap.cpp in Sources */ = {isa = PBXBuildFile; fileRef = 23C9FA281BE7AED500170B96 /* GameMap.cpp */; };
		23C9FA2B1BE7AED500170B96 /* GameMap.cpp in Sources */ = {isa = PBXBuildFile; fileRef = 23C9FA281BE7AED500170B96 /* GameMap.cpp */; };
		23C9FA301BE7B0C000170B96 /* InfoLayer.cpp in Sources */ = {isa = PBXBuildFile; fileRef = 23C9FA2E1BE7B0C000170B96 /* InfoLayer.cpp */; };
		23C9FA311BE7B0C000170B96 /* InfoLayer.cpp in Sources */ = {isa = PBXBuildFile; fileRef = 23C9FA2E1BE7B0C000170B96 /* InfoLayer.cpp */; };
		23C9FA4D1BE9041B00170B96 /* msgplayer.pb.cc in Sources */ = {isa = PBXBuildFile; fileRef = 23C9FA491BE9041B00170B96 /* msgplayer.pb.cc */; };
		23C9FA4E1BE9041B00170B96 /* msgplayer.pb.cc in Sources */ = {isa = PBXBuildFile; fileRef = 23C9FA491BE9041B00170B96 /* msgplayer.pb.cc */; };
		23C9FA4F1BE9041B00170B96 /* msguser.pb.cc in Sources */ = {isa = PBXBuildFile; fileRef = 23C9FA4B1BE9041B00170B96 /* msguser.pb.cc */; };
		23C9FA501BE9041B00170B96 /* msguser.pb.cc in Sources */ = {isa = PBXBuildFile; fileRef = 23C9FA4B1BE9041B00170B96 /* msguser.pb.cc */; };
		23C9FA531BE9048200170B96 /* Utility.cpp in Sources */ = {isa = PBXBuildFile; fileRef = 23C9FA511BE9048200170B96 /* Utility.cpp */; };
		23C9FA541BE9048200170B96 /* Utility.cpp in Sources */ = {isa = PBXBuildFile; fileRef = 23C9FA511BE9048200170B96 /* Utility.cpp */; };
		23C9FA581BE9ACB100170B96 /* Player.cpp in Sources */ = {isa = PBXBuildFile; fileRef = 23C9FA561BE9ACB100170B96 /* Player.cpp */; };
		23C9FA591BE9ACB100170B96 /* Player.cpp in Sources */ = {isa = PBXBuildFile; fileRef = 23C9FA561BE9ACB100170B96 /* Player.cpp */; };
		23C9FA5E1BE9BAA000170B96 /* maps in Resources */ = {isa = PBXBuildFile; fileRef = 23C9FA5D1BE9BAA000170B96 /* maps */; };
		23C9FA5F1BE9BAA000170B96 /* maps in Resources */ = {isa = PBXBuildFile; fileRef = 23C9FA5D1BE9BAA000170B96 /* maps */; };
		288765A50DF7441C002DB57D /* CoreGraphics.framework in Frameworks */ = {isa = PBXBuildFile; fileRef = 288765A40DF7441C002DB57D /* CoreGraphics.framework */; };
		503AE0F817EB97AB00D1A890 /* Icon.icns in Resources */ = {isa = PBXBuildFile; fileRef = 503AE0F617EB97AB00D1A890 /* Icon.icns */; };
		503AE10017EB989F00D1A890 /* AppController.mm in Sources */ = {isa = PBXBuildFile; fileRef = 503AE0FB17EB989F00D1A890 /* AppController.mm */; };
		503AE10117EB989F00D1A890 /* main.m in Sources */ = {isa = PBXBuildFile; fileRef = 503AE0FC17EB989F00D1A890 /* main.m */; };
		503AE10217EB989F00D1A890 /* RootViewController.mm in Sources */ = {isa = PBXBuildFile; fileRef = 503AE0FF17EB989F00D1A890 /* RootViewController.mm */; };
		503AE10517EB98FF00D1A890 /* main.cpp in Sources */ = {isa = PBXBuildFile; fileRef = 503AE10317EB98FF00D1A890 /* main.cpp */; };
		503AE11217EB99EE00D1A890 /* libcurl.dylib in Frameworks */ = {isa = PBXBuildFile; fileRef = 503AE11117EB99EE00D1A890 /* libcurl.dylib */; };
		503AE11B17EB9C5A00D1A890 /* IOKit.framework in Frameworks */ = {isa = PBXBuildFile; fileRef = 503AE11A17EB9C5A00D1A890 /* IOKit.framework */; };
		5087E75317EB910900C73F5D /* CloseNormal.png in Resources */ = {isa = PBXBuildFile; fileRef = 1AFAF8B916D35E4900DB1158 /* CloseNormal.png */; };
		5087E75417EB910900C73F5D /* CloseSelected.png in Resources */ = {isa = PBXBuildFile; fileRef = 1AFAF8BA16D35E4900DB1158 /* CloseSelected.png */; };
		5087E75517EB910900C73F5D /* HelloWorld.png in Resources */ = {isa = PBXBuildFile; fileRef = 1AFAF8BB16D35E4900DB1158 /* HelloWorld.png */; };
		5087E75717EB910900C73F5D /* AppDelegate.cpp in Sources */ = {isa = PBXBuildFile; fileRef = 1AFAF8B316D35DE700DB1158 /* AppDelegate.cpp */; };
		5087E75817EB910900C73F5D /* HelloWorldScene.cpp in Sources */ = {isa = PBXBuildFile; fileRef = 1AFAF8B516D35DE700DB1158 /* HelloWorldScene.cpp */; };
		5087E76317EB910900C73F5D /* Foundation.framework in Frameworks */ = {isa = PBXBuildFile; fileRef = 1D30AB110D05D00D00671497 /* Foundation.framework */; };
		5087E76517EB910900C73F5D /* CoreGraphics.framework in Frameworks */ = {isa = PBXBuildFile; fileRef = 288765A40DF7441C002DB57D /* CoreGraphics.framework */; };
		5087E76717EB910900C73F5D /* libz.dylib in Frameworks */ = {isa = PBXBuildFile; fileRef = BF170DB412928DE900B8313A /* libz.dylib */; };
		5087E76817EB910900C73F5D /* QuartzCore.framework in Frameworks */ = {isa = PBXBuildFile; fileRef = BF1C47EA1293683800B63C5D /* QuartzCore.framework */; };
		5087E76917EB910900C73F5D /* OpenAL.framework in Frameworks */ = {isa = PBXBuildFile; fileRef = D44C620B132DFF330009C878 /* OpenAL.framework */; };
		5087E76A17EB910900C73F5D /* AVFoundation.framework in Frameworks */ = {isa = PBXBuildFile; fileRef = D44C620D132DFF430009C878 /* AVFoundation.framework */; };
		5087E76B17EB910900C73F5D /* AudioToolbox.framework in Frameworks */ = {isa = PBXBuildFile; fileRef = D44C620F132DFF4E0009C878 /* AudioToolbox.framework */; };
		5087E77D17EB970100C73F5D /* Default-568h@2x.png in Resources */ = {isa = PBXBuildFile; fileRef = 5087E77217EB970100C73F5D /* Default-568h@2x.png */; };
		5087E77E17EB970100C73F5D /* Default.png in Resources */ = {isa = PBXBuildFile; fileRef = 5087E77317EB970100C73F5D /* Default.png */; };
		5087E77F17EB970100C73F5D /* Default@2x.png in Resources */ = {isa = PBXBuildFile; fileRef = 5087E77417EB970100C73F5D /* Default@2x.png */; };
		5087E78017EB970100C73F5D /* Icon-114.png in Resources */ = {isa = PBXBuildFile; fileRef = 5087E77517EB970100C73F5D /* Icon-114.png */; };
		5087E78117EB970100C73F5D /* Icon-120.png in Resources */ = {isa = PBXBuildFile; fileRef = 5087E77617EB970100C73F5D /* Icon-120.png */; };
		5087E78217EB970100C73F5D /* Icon-144.png in Resources */ = {isa = PBXBuildFile; fileRef = 5087E77717EB970100C73F5D /* Icon-144.png */; };
		5087E78317EB970100C73F5D /* Icon-152.png in Resources */ = {isa = PBXBuildFile; fileRef = 5087E77817EB970100C73F5D /* Icon-152.png */; };
		5087E78417EB970100C73F5D /* Icon-57.png in Resources */ = {isa = PBXBuildFile; fileRef = 5087E77917EB970100C73F5D /* Icon-57.png */; };
		5087E78517EB970100C73F5D /* Icon-72.png in Resources */ = {isa = PBXBuildFile; fileRef = 5087E77A17EB970100C73F5D /* Icon-72.png */; };
		5087E78617EB970100C73F5D /* Icon-76.png in Resources */ = {isa = PBXBuildFile; fileRef = 5087E77B17EB970100C73F5D /* Icon-76.png */; };
		5087E78917EB974C00C73F5D /* AppKit.framework in Frameworks */ = {isa = PBXBuildFile; fileRef = 5087E78817EB974C00C73F5D /* AppKit.framework */; };
		5087E78B17EB975400C73F5D /* OpenGL.framework in Frameworks */ = {isa = PBXBuildFile; fileRef = 5087E78A17EB975400C73F5D /* OpenGL.framework */; };
		50EF629617ECD46A001EB2F8 /* Icon-40.png in Resources */ = {isa = PBXBuildFile; fileRef = 50EF629217ECD46A001EB2F8 /* Icon-40.png */; };
		50EF629717ECD46A001EB2F8 /* Icon-58.png in Resources */ = {isa = PBXBuildFile; fileRef = 50EF629317ECD46A001EB2F8 /* Icon-58.png */; };
		50EF629817ECD46A001EB2F8 /* Icon-80.png in Resources */ = {isa = PBXBuildFile; fileRef = 50EF629417ECD46A001EB2F8 /* Icon-80.png */; };
		50EF629917ECD46A001EB2F8 /* Icon-100.png in Resources */ = {isa = PBXBuildFile; fileRef = 50EF629517ECD46A001EB2F8 /* Icon-100.png */; };
		50EF62A217ECD613001EB2F8 /* Icon-29.png in Resources */ = {isa = PBXBuildFile; fileRef = 50EF62A017ECD613001EB2F8 /* Icon-29.png */; };
		50EF62A317ECD613001EB2F8 /* Icon-50.png in Resources */ = {isa = PBXBuildFile; fileRef = 50EF62A117ECD613001EB2F8 /* Icon-50.png */; };
		BF171245129291EC00B8313A /* OpenGLES.framework in Frameworks */ = {isa = PBXBuildFile; fileRef = BF170DB012928DE900B8313A /* OpenGLES.framework */; };
		BF1712471292920000B8313A /* libz.dylib in Frameworks */ = {isa = PBXBuildFile; fileRef = BF170DB412928DE900B8313A /* libz.dylib */; };
		BF1C47F01293687400B63C5D /* QuartzCore.framework in Frameworks */ = {isa = PBXBuildFile; fileRef = BF1C47EA1293683800B63C5D /* QuartzCore.framework */; };
		D44C620C132DFF330009C878 /* OpenAL.framework in Frameworks */ = {isa = PBXBuildFile; fileRef = D44C620B132DFF330009C878 /* OpenAL.framework */; };
		D44C620E132DFF430009C878 /* AVFoundation.framework in Frameworks */ = {isa = PBXBuildFile; fileRef = D44C620D132DFF430009C878 /* AVFoundation.framework */; };
		D44C6210132DFF4E0009C878 /* AudioToolbox.framework in Frameworks */ = {isa = PBXBuildFile; fileRef = D44C620F132DFF4E0009C878 /* AudioToolbox.framework */; };
		D6B0611B1803AB670077942B /* CoreMotion.framework in Frameworks */ = {isa = PBXBuildFile; fileRef = D6B0611A1803AB670077942B /* CoreMotion.framework */; };
/* End PBXBuildFile section */

/* Begin PBXContainerItemProxy section */
		1AC6FAF8180E9839004C840B /* PBXContainerItemProxy */ = {
			isa = PBXContainerItemProxy;
			containerPortal = 1AC6FAE5180E9839004C840B /* cocos2d_libs.xcodeproj */;
			proxyType = 2;
			remoteGlobalIDString = 1551A33F158F2AB200E66CFE;
			remoteInfo = "cocos2dx Mac";
		};
		1AC6FAFA180E9839004C840B /* PBXContainerItemProxy */ = {
			isa = PBXContainerItemProxy;
			containerPortal = 1AC6FAE5180E9839004C840B /* cocos2d_libs.xcodeproj */;
			proxyType = 2;
			remoteGlobalIDString = A03F2FD617814595006731B9;
			remoteInfo = "cocos2dx-extensions Mac";
		};
		1AC6FAFC180E9839004C840B /* PBXContainerItemProxy */ = {
			isa = PBXContainerItemProxy;
			containerPortal = 1AC6FAE5180E9839004C840B /* cocos2d_libs.xcodeproj */;
			proxyType = 2;
			remoteGlobalIDString = A03F2CB81780BD04006731B9;
			remoteInfo = "chipmunk Mac";
		};
		1AC6FAFE180E9839004C840B /* PBXContainerItemProxy */ = {
			isa = PBXContainerItemProxy;
			containerPortal = 1AC6FAE5180E9839004C840B /* cocos2d_libs.xcodeproj */;
			proxyType = 2;
			remoteGlobalIDString = A03F2D9B1780BDF7006731B9;
			remoteInfo = "box2d Mac";
		};
		1AC6FB00180E9839004C840B /* PBXContainerItemProxy */ = {
			isa = PBXContainerItemProxy;
			containerPortal = 1AC6FAE5180E9839004C840B /* cocos2d_libs.xcodeproj */;
			proxyType = 2;
			remoteGlobalIDString = A03F2ED617814268006731B9;
			remoteInfo = "CocosDenshion Mac";
		};
		1AC6FB06180E9839004C840B /* PBXContainerItemProxy */ = {
			isa = PBXContainerItemProxy;
			containerPortal = 1AC6FAE5180E9839004C840B /* cocos2d_libs.xcodeproj */;
			proxyType = 2;
			remoteGlobalIDString = A07A4D641783777C0073F6A7;
			remoteInfo = "cocos2dx iOS";
		};
		1AC6FB08180E9839004C840B /* PBXContainerItemProxy */ = {
			isa = PBXContainerItemProxy;
			containerPortal = 1AC6FAE5180E9839004C840B /* cocos2d_libs.xcodeproj */;
			proxyType = 2;
			remoteGlobalIDString = A07A4EFC1783867C0073F6A7;
			remoteInfo = "cocos2dx-extensions iOS";
		};
		1AC6FB0A180E9839004C840B /* PBXContainerItemProxy */ = {
			isa = PBXContainerItemProxy;
			containerPortal = 1AC6FAE5180E9839004C840B /* cocos2d_libs.xcodeproj */;
			proxyType = 2;
			remoteGlobalIDString = A07A4F3B178387670073F6A7;
			remoteInfo = "chipmunk iOS";
		};
		1AC6FB0C180E9839004C840B /* PBXContainerItemProxy */ = {
			isa = PBXContainerItemProxy;
			containerPortal = 1AC6FAE5180E9839004C840B /* cocos2d_libs.xcodeproj */;
			proxyType = 2;
			remoteGlobalIDString = A07A4F9E1783876B0073F6A7;
			remoteInfo = "box2d iOS";
		};
		1AC6FB0E180E9839004C840B /* PBXContainerItemProxy */ = {
			isa = PBXContainerItemProxy;
			containerPortal = 1AC6FAE5180E9839004C840B /* cocos2d_libs.xcodeproj */;
			proxyType = 2;
			remoteGlobalIDString = A07A4FB4178387730073F6A7;
			remoteInfo = "CocosDenshion iOS";
		};
		1AC6FB15180E9959004C840B /* PBXContainerItemProxy */ = {
			isa = PBXContainerItemProxy;
			containerPortal = 1AC6FAE5180E9839004C840B /* cocos2d_libs.xcodeproj */;
			proxyType = 1;
			remoteGlobalIDString = 1551A33E158F2AB200E66CFE;
			remoteInfo = "cocos2dx Mac";
		};
		1AC6FB17180E9959004C840B /* PBXContainerItemProxy */ = {
			isa = PBXContainerItemProxy;
			containerPortal = 1AC6FAE5180E9839004C840B /* cocos2d_libs.xcodeproj */;
			proxyType = 1;
			remoteGlobalIDString = A03F2FC117814595006731B9;
			remoteInfo = "cocos2dx-extensions Mac";
		};
		1AC6FB19180E9959004C840B /* PBXContainerItemProxy */ = {
			isa = PBXContainerItemProxy;
			containerPortal = 1AC6FAE5180E9839004C840B /* cocos2d_libs.xcodeproj */;
			proxyType = 1;
			remoteGlobalIDString = A03F2B781780BD04006731B9;
			remoteInfo = "chipmunk Mac";
		};
		1AC6FB1B180E9959004C840B /* PBXContainerItemProxy */ = {
			isa = PBXContainerItemProxy;
			containerPortal = 1AC6FAE5180E9839004C840B /* cocos2d_libs.xcodeproj */;
			proxyType = 1;
			remoteGlobalIDString = A03F2E9817814268006731B9;
			remoteInfo = "CocosDenshion Mac";
		};
		1AC6FB1D180E9963004C840B /* PBXContainerItemProxy */ = {
			isa = PBXContainerItemProxy;
			containerPortal = 1AC6FAE5180E9839004C840B /* cocos2d_libs.xcodeproj */;
			proxyType = 1;
			remoteGlobalIDString = A03F2D5D1780BDF7006731B9;
			remoteInfo = "box2d Mac";
		};
		1AC6FB24180E99E1004C840B /* PBXContainerItemProxy */ = {
			isa = PBXContainerItemProxy;
			containerPortal = 1AC6FAE5180E9839004C840B /* cocos2d_libs.xcodeproj */;
			proxyType = 1;
			remoteGlobalIDString = A07A4C241783777C0073F6A7;
			remoteInfo = "cocos2dx iOS";
		};
		1AC6FB26180E99E1004C840B /* PBXContainerItemProxy */ = {
			isa = PBXContainerItemProxy;
			containerPortal = 1AC6FAE5180E9839004C840B /* cocos2d_libs.xcodeproj */;
			proxyType = 1;
			remoteGlobalIDString = A07A4E111783867C0073F6A7;
			remoteInfo = "cocos2dx-extensions iOS";
		};
		1AC6FB28180E99E1004C840B /* PBXContainerItemProxy */ = {
			isa = PBXContainerItemProxy;
			containerPortal = 1AC6FAE5180E9839004C840B /* cocos2d_libs.xcodeproj */;
			proxyType = 1;
			remoteGlobalIDString = A07A4EFD178387670073F6A7;
			remoteInfo = "chipmunk iOS";
		};
		1AC6FB2A180E99E1004C840B /* PBXContainerItemProxy */ = {
			isa = PBXContainerItemProxy;
			containerPortal = 1AC6FAE5180E9839004C840B /* cocos2d_libs.xcodeproj */;
			proxyType = 1;
			remoteGlobalIDString = A07A4F3C1783876B0073F6A7;
			remoteInfo = "box2d iOS";
		};
		1AC6FB2C180E99E1004C840B /* PBXContainerItemProxy */ = {
			isa = PBXContainerItemProxy;
			containerPortal = 1AC6FAE5180E9839004C840B /* cocos2d_libs.xcodeproj */;
			proxyType = 1;
			remoteGlobalIDString = A07A4F9F178387730073F6A7;
			remoteInfo = "CocosDenshion iOS";
		};
/* End PBXContainerItemProxy section */

/* Begin PBXFileReference section */
		1AC6FAE5180E9839004C840B /* cocos2d_libs.xcodeproj */ = {isa = PBXFileReference; lastKnownFileType = "wrapper.pb-project"; name = cocos2d_libs.xcodeproj; path = ../cocos2d/build/cocos2d_libs.xcodeproj; sourceTree = "<group>"; };
		1ACB3243164770DE00914215 /* libcurl.a */ = {isa = PBXFileReference; lastKnownFileType = archive.ar; name = libcurl.a; path = ../../cocos2dx/platform/third_party/ios/libraries/libcurl.a; sourceTree = "<group>"; };
		1AFAF8B316D35DE700DB1158 /* AppDelegate.cpp */ = {isa = PBXFileReference; fileEncoding = 4; lastKnownFileType = sourcecode.cpp.cpp; name = AppDelegate.cpp; path = ../Classes/AppDelegate.cpp; sourceTree = "<group>"; };
		1AFAF8B416D35DE700DB1158 /* AppDelegate.h */ = {isa = PBXFileReference; fileEncoding = 4; lastKnownFileType = sourcecode.c.h; name = AppDelegate.h; path = ../Classes/AppDelegate.h; sourceTree = "<group>"; };
		1AFAF8B516D35DE700DB1158 /* HelloWorldScene.cpp */ = {isa = PBXFileReference; fileEncoding = 4; lastKnownFileType = sourcecode.cpp.cpp; name = HelloWorldScene.cpp; path = ../Classes/HelloWorldScene.cpp; sourceTree = "<group>"; };
		1AFAF8B616D35DE700DB1158 /* HelloWorldScene.h */ = {isa = PBXFileReference; fileEncoding = 4; lastKnownFileType = sourcecode.c.h; name = HelloWorldScene.h; path = ../Classes/HelloWorldScene.h; sourceTree = "<group>"; };
		1AFAF8B916D35E4900DB1158 /* CloseNormal.png */ = {isa = PBXFileReference; lastKnownFileType = image.png; path = CloseNormal.png; sourceTree = "<group>"; };
		1AFAF8BA16D35E4900DB1158 /* CloseSelected.png */ = {isa = PBXFileReference; lastKnownFileType = image.png; path = CloseSelected.png; sourceTree = "<group>"; };
		1AFAF8BB16D35E4900DB1158 /* HelloWorld.png */ = {isa = PBXFileReference; lastKnownFileType = image.png; path = HelloWorld.png; sourceTree = "<group>"; };
		1D30AB110D05D00D00671497 /* Foundation.framework */ = {isa = PBXFileReference; lastKnownFileType = wrapper.framework; name = Foundation.framework; path = System/Library/Frameworks/Foundation.framework; sourceTree = SDKROOT; };
		1D6058910D05DD3D006BFB54 /* Net_2 iOS.app */ = {isa = PBXFileReference; explicitFileType = wrapper.application; includeInIndex = 0; path = "Net_2 iOS.app"; sourceTree = BUILT_PRODUCTS_DIR; };
		1DF5F4DF0D08C38300B7A737 /* UIKit.framework */ = {isa = PBXFileReference; lastKnownFileType = wrapper.framework; name = UIKit.framework; path = System/Library/Frameworks/UIKit.framework; sourceTree = SDKROOT; };
		23567FCB1BEA3BC500FD98DF /* msgmove.pb.cc */ = {isa = PBXFileReference; fileEncoding = 4; lastKnownFileType = sourcecode.cpp.cpp; path = msgmove.pb.cc; sourceTree = "<group>"; };
		23567FCC1BEA3BC500FD98DF /* msgmove.pb.h */ = {isa = PBXFileReference; fileEncoding = 4; lastKnownFileType = sourcecode.c.h; path = msgmove.pb.h; sourceTree = "<group>"; };
		23567FD11BEA536000FD98DF /* msgmoveRes.pb.cc */ = {isa = PBXFileReference; fileEncoding = 4; lastKnownFileType = sourcecode.cpp.cpp; path = msgmoveRes.pb.cc; sourceTree = "<group>"; };
		23567FD21BEA536000FD98DF /* msgmoveRes.pb.h */ = {isa = PBXFileReference; fileEncoding = 4; lastKnownFileType = sourcecode.c.h; path = msgmoveRes.pb.h; sourceTree = "<group>"; };
		236BCB851BE3AFA200697881 /* Login.cpp */ = {isa = PBXFileReference; fileEncoding = 4; lastKnownFileType = sourcecode.cpp.cpp; name = Login.cpp; path = ../Classes/Login.cpp; sourceTree = "<group>"; };
		236BCB861BE3AFA200697881 /* Login.h */ = {isa = PBXFileReference; fileEncoding = 4; lastKnownFileType = sourcecode.c.h; name = Login.h; path = ../Classes/Login.h; sourceTree = "<group>"; };
		236BCB8B1BE3C3E000697881 /* images */ = {isa = PBXFileReference; lastKnownFileType = folder; path = images; sourceTree = "<group>"; };
		236BCB901BE3CB4900697881 /* ZCButton.cpp */ = {isa = PBXFileReference; fileEncoding = 4; lastKnownFileType = sourcecode.cpp.cpp; path = ZCButton.cpp; sourceTree = "<group>"; };
		236BCB911BE3CB4900697881 /* ZCButton.h */ = {isa = PBXFileReference; fileEncoding = 4; lastKnownFileType = sourcecode.c.h; path = ZCButton.h; sourceTree = "<group>"; };
		2370D4D31BEB97B400936159 /* BroadcastHandler.cpp */ = {isa = PBXFileReference; fileEncoding = 4; lastKnownFileType = sourcecode.cpp.cpp; name = BroadcastHandler.cpp; path = ../Classes/BroadcastHandler.cpp; sourceTree = "<group>"; };
		2370D4D41BEB97B400936159 /* BroadcastHandler.h */ = {isa = PBXFileReference; fileEncoding = 4; lastKnownFileType = sourcecode.c.h; name = BroadcastHandler.h; path = ../Classes/BroadcastHandler.h; sourceTree = "<group>"; };
		2370D4D51BEB97B400936159 /* GameHandler.cpp */ = {isa = PBXFileReference; fileEncoding = 4; lastKnownFileType = sourcecode.cpp.cpp; name = GameHandler.cpp; path = ../Classes/GameHandler.cpp; sourceTree = "<group>"; };
		2370D4D61BEB97B400936159 /* GameHandler.h */ = {isa = PBXFileReference; fileEncoding = 4; lastKnownFileType = sourcecode.c.h; name = GameHandler.h; path = ../Classes/GameHandler.h; sourceTree = "<group>"; };
		2370D4D71BEB97B400936159 /* LoginHandler.cpp */ = {isa = PBXFileReference; fileEncoding = 4; lastKnownFileType = sourcecode.cpp.cpp; name = LoginHandler.cpp; path = ../Classes/LoginHandler.cpp; sourceTree = "<group>"; };
		2370D4D81BEB97B400936159 /* LoginHandler.h */ = {isa = PBXFileReference; fileEncoding = 4; lastKnownFileType = sourcecode.c.h; name = LoginHandler.h; path = ../Classes/LoginHandler.h; sourceTree = "<group>"; };
		2370D4D91BEB97B400936159 /* SystemHandler.cpp */ = {isa = PBXFileReference; fileEncoding = 4; lastKnownFileType = sourcecode.cpp.cpp; name = SystemHandler.cpp; path = ../Classes/SystemHandler.cpp; sourceTree = "<group>"; };
		2370D4DA1BEB97B400936159 /* SystemHandler.h */ = {isa = PBXFileReference; fileEncoding = 4; lastKnownFileType = sourcecode.c.h; name = SystemHandler.h; path = ../Classes/SystemHandler.h; sourceTree = "<group>"; };
		2370D5051BECFB3600936159 /* msgdelay.pb.cc */ = {isa = PBXFileReference; fileEncoding = 4; lastKnownFileType = sourcecode.cpp.cpp; name = msgdelay.pb.cc; path = ../../Classes/message/msgdelay.pb.cc; sourceTree = "<group>"; };
		2370D5061BECFB3600936159 /* msgdelay.pb.h */ = {isa = PBXFileReference; fileEncoding = 4; lastKnownFileType = sourcecode.c.h; name = msgdelay.pb.h; path = ../../Classes/message/msgdelay.pb.h; sourceTree = "<group>"; };
		2370D50C1BECFB7000936159 /* TestGame.cpp */ = {isa = PBXFileReference; fileEncoding = 4; lastKnownFileType = sourcecode.cpp.cpp; name = TestGame.cpp; path = ../Classes/TestGame.cpp; sourceTree = "<group>"; };
		2370D50D1BECFB7000936159 /* TestGame.h */ = {isa = PBXFileReference; fileEncoding = 4; lastKnownFileType = sourcecode.c.h; name = TestGame.h; path = ../Classes/TestGame.h; sourceTree = "<group>"; };
		2370D5101BECFC9700936159 /* TestPlayer.cpp */ = {isa = PBXFileReference; fileEncoding = 4; lastKnownFileType = sourcecode.cpp.cpp; name = TestPlayer.cpp; path = ../Classes/TestPlayer.cpp; sourceTree = "<group>"; };
		2370D5111BECFC9700936159 /* TestPlayer.h */ = {isa = PBXFileReference; fileEncoding = 4; lastKnownFileType = sourcecode.c.h; name = TestPlayer.h; path = ../Classes/TestPlayer.h; sourceTree = "<group>"; };
		2382BD3E1BE7845A0029156B /* BaseSocket.cpp */ = {isa = PBXFileReference; fileEncoding = 4; lastKnownFileType = sourcecode.cpp.cpp; path = BaseSocket.cpp; sourceTree = "<group>"; };
		2382BD3F1BE7845A0029156B /* BaseSocket.h */ = {isa = PBXFileReference; fileEncoding = 4; lastKnownFileType = sourcecode.c.h; path = BaseSocket.h; sourceTree = "<group>"; };
		2382BD401BE7845A0029156B /* Msg.h */ = {isa = PBXFileReference; fileEncoding = 4; lastKnownFileType = sourcecode.c.h; path = Msg.h; sourceTree = "<group>"; };
		2382BD411BE7845A0029156B /* MsgDispatch.cpp */ = {isa = PBXFileReference; fileEncoding = 4; lastKnownFileType = sourcecode.cpp.cpp; path = MsgDispatch.cpp; sourceTree = "<group>"; };
		2382BD421BE7845A0029156B /* MsgDispatch.h */ = {isa = PBXFileReference; fileEncoding = 4; lastKnownFileType = sourcecode.c.h; path = MsgDispatch.h; sourceTree = "<group>"; };
		2382BD431BE7845A0029156B /* MsgHandler.h */ = {isa = PBXFileReference; fileEncoding = 4; lastKnownFileType = sourcecode.c.h; path = MsgHandler.h; sourceTree = "<group>"; };
		2382BD441BE7845A0029156B /* MyAlias.h */ = {isa = PBXFileReference; fileEncoding = 4; lastKnownFileType = sourcecode.c.h; path = MyAlias.h; sourceTree = "<group>"; };
		2382BD451BE7845A0029156B /* NetWorkManager.cpp */ = {isa = PBXFileReference; fileEncoding = 4; lastKnownFileType = sourcecode.cpp.cpp; path = NetWorkManager.cpp; sourceTree = "<group>"; };
		2382BD461BE7845A0029156B /* NetWorkManager.h */ = {isa = PBXFileReference; fileEncoding = 4; lastKnownFileType = sourcecode.c.h; path = NetWorkManager.h; sourceTree = "<group>"; };
		2382BD471BE7845A0029156B /* SocketManager.cpp */ = {isa = PBXFileReference; fileEncoding = 4; lastKnownFileType = sourcecode.cpp.cpp; path = SocketManager.cpp; sourceTree = "<group>"; };
		2382BD481BE7845A0029156B /* SocketManager.h */ = {isa = PBXFileReference; fileEncoding = 4; lastKnownFileType = sourcecode.c.h; path = SocketManager.h; sourceTree = "<group>"; };
		2382BD531BE78F270029156B /* CmdCode.h */ = {isa = PBXFileReference; lastKnownFileType = sourcecode.c.h; name = CmdCode.h; path = ../Classes/CmdCode.h; sourceTree = "<group>"; };
		2382BD621BE792070029156B /* libprotobuf.a */ = {isa = PBXFileReference; lastKnownFileType = archive.ar; path = libprotobuf.a; sourceTree = "<group>"; };
		2382BD681BE7920E0029156B /* code_generator.h */ = {isa = PBXFileReference; fileEncoding = 4; lastKnownFileType = sourcecode.c.h; path = code_generator.h; sourceTree = "<group>"; };
		2382BD691BE7920E0029156B /* command_line_interface.h */ = {isa = PBXFileReference; fileEncoding = 4; lastKnownFileType = sourcecode.c.h; path = command_line_interface.h; sourceTree = "<group>"; };
		2382BD6B1BE7920E0029156B /* cpp_generator.h */ = {isa = PBXFileReference; fileEncoding = 4; lastKnownFileType = sourcecode.c.h; path = cpp_generator.h; sourceTree = "<group>"; };
		2382BD6C1BE7920E0029156B /* importer.h */ = {isa = PBXFileReference; fileEncoding = 4; lastKnownFileType = sourcecode.c.h; path = importer.h; sourceTree = "<group>"; };
		2382BD6E1BE7920E0029156B /* java_generator.h */ = {isa = PBXFileReference; fileEncoding = 4; lastKnownFileType = sourcecode.c.h; path = java_generator.h; sourceTree = "<group>"; };
		2382BD6F1BE7920E0029156B /* parser.h */ = {isa = PBXFileReference; fileEncoding = 4; lastKnownFileType = sourcecode.c.h; path = parser.h; sourceTree = "<group>"; };
		2382BD701BE7920E0029156B /* plugin.h */ = {isa = PBXFileReference; fileEncoding = 4; lastKnownFileType = sourcecode.c.h; path = plugin.h; sourceTree = "<group>"; };
		2382BD711BE7920E0029156B /* plugin.pb.h */ = {isa = PBXFileReference; fileEncoding = 4; lastKnownFileType = sourcecode.c.h; path = plugin.pb.h; sourceTree = "<group>"; };
		2382BD721BE7920E0029156B /* plugin.proto */ = {isa = PBXFileReference; fileEncoding = 4; lastKnownFileType = text; path = plugin.proto; sourceTree = "<group>"; };
		2382BD741BE7920E0029156B /* python_generator.h */ = {isa = PBXFileReference; fileEncoding = 4; lastKnownFileType = sourcecode.c.h; path = python_generator.h; sourceTree = "<group>"; };
		2382BD751BE7920E0029156B /* descriptor.h */ = {isa = PBXFileReference; fileEncoding = 4; lastKnownFileType = sourcecode.c.h; path = descriptor.h; sourceTree = "<group>"; };
		2382BD761BE7920E0029156B /* descriptor.pb.h */ = {isa = PBXFileReference; fileEncoding = 4; lastKnownFileType = sourcecode.c.h; path = descriptor.pb.h; sourceTree = "<group>"; };
		2382BD771BE7920E0029156B /* descriptor.proto */ = {isa = PBXFileReference; fileEncoding = 4; lastKnownFileType = text; path = descriptor.proto; sourceTree = "<group>"; };
		2382BD781BE7920E0029156B /* descriptor_database.h */ = {isa = PBXFileReference; fileEncoding = 4; lastKnownFileType = sourcecode.c.h; path = descriptor_database.h; sourceTree = "<group>"; };
		2382BD791BE7920E0029156B /* dynamic_message.h */ = {isa = PBXFileReference; fileEncoding = 4; lastKnownFileType = sourcecode.c.h; path = dynamic_message.h; sourceTree = "<group>"; };
		2382BD7A1BE7920E0029156B /* extension_set.h */ = {isa = PBXFileReference; fileEncoding = 4; lastKnownFileType = sourcecode.c.h; path = extension_set.h; sourceTree = "<group>"; };
		2382BD7B1BE7920E0029156B /* generated_enum_reflection.h */ = {isa = PBXFileReference; fileEncoding = 4; lastKnownFileType = sourcecode.c.h; path = generated_enum_reflection.h; sourceTree = "<group>"; };
		2382BD7C1BE7920E0029156B /* generated_message_reflection.h */ = {isa = PBXFileReference; fileEncoding = 4; lastKnownFileType = sourcecode.c.h; path = generated_message_reflection.h; sourceTree = "<group>"; };
		2382BD7D1BE7920E0029156B /* generated_message_util.h */ = {isa = PBXFileReference; fileEncoding = 4; lastKnownFileType = sourcecode.c.h; path = generated_message_util.h; sourceTree = "<group>"; };
		2382BD7F1BE7920E0029156B /* coded_stream.h */ = {isa = PBXFileReference; fileEncoding = 4; lastKnownFileType = sourcecode.c.h; path = coded_stream.h; sourceTree = "<group>"; };
		2382BD801BE7920E0029156B /* gzip_stream.h */ = {isa = PBXFileReference; fileEncoding = 4; lastKnownFileType = sourcecode.c.h; path = gzip_stream.h; sourceTree = "<group>"; };
		2382BD811BE7920E0029156B /* printer.h */ = {isa = PBXFileReference; fileEncoding = 4; lastKnownFileType = sourcecode.c.h; path = printer.h; sourceTree = "<group>"; };
		2382BD821BE7920E0029156B /* strtod.h */ = {isa = PBXFileReference; fileEncoding = 4; lastKnownFileType = sourcecode.c.h; path = strtod.h; sourceTree = "<group>"; };
		2382BD831BE7920E0029156B /* tokenizer.h */ = {isa = PBXFileReference; fileEncoding = 4; lastKnownFileType = sourcecode.c.h; path = tokenizer.h; sourceTree = "<group>"; };
		2382BD841BE7920E0029156B /* zero_copy_stream.h */ = {isa = PBXFileReference; fileEncoding = 4; lastKnownFileType = sourcecode.c.h; path = zero_copy_stream.h; sourceTree = "<group>"; };
		2382BD851BE7920E0029156B /* zero_copy_stream_impl.h */ = {isa = PBXFileReference; fileEncoding = 4; lastKnownFileType = sourcecode.c.h; path = zero_copy_stream_impl.h; sourceTree = "<group>"; };
		2382BD861BE7920E0029156B /* zero_copy_stream_impl_lite.h */ = {isa = PBXFileReference; fileEncoding = 4; lastKnownFileType = sourcecode.c.h; path = zero_copy_stream_impl_lite.h; sourceTree = "<group>"; };
		2382BD871BE7920E0029156B /* message.h */ = {isa = PBXFileReference; fileEncoding = 4; lastKnownFileType = sourcecode.c.h; path = message.h; sourceTree = "<group>"; };
		2382BD881BE7920E0029156B /* message_lite.h */ = {isa = PBXFileReference; fileEncoding = 4; lastKnownFileType = sourcecode.c.h; path = message_lite.h; sourceTree = "<group>"; };
		2382BD891BE7920E0029156B /* reflection_ops.h */ = {isa = PBXFileReference; fileEncoding = 4; lastKnownFileType = sourcecode.c.h; path = reflection_ops.h; sourceTree = "<group>"; };
		2382BD8A1BE7920E0029156B /* repeated_field.h */ = {isa = PBXFileReference; fileEncoding = 4; lastKnownFileType = sourcecode.c.h; path = repeated_field.h; sourceTree = "<group>"; };
		2382BD8B1BE7920E0029156B /* service.h */ = {isa = PBXFileReference; fileEncoding = 4; lastKnownFileType = sourcecode.c.h; path = service.h; sourceTree = "<group>"; };
		2382BD8D1BE7920E0029156B /* atomicops.h */ = {isa = PBXFileReference; fileEncoding = 4; lastKnownFileType = sourcecode.c.h; path = atomicops.h; sourceTree = "<group>"; };
		2382BD8E1BE7920E0029156B /* atomicops_internals_arm64_gcc.h */ = {isa = PBXFileReference; fileEncoding = 4; lastKnownFileType = sourcecode.c.h; path = atomicops_internals_arm64_gcc.h; sourceTree = "<group>"; };
		2382BD8F1BE7920E0029156B /* atomicops_internals_arm_gcc.h */ = {isa = PBXFileReference; fileEncoding = 4; lastKnownFileType = sourcecode.c.h; path = atomicops_internals_arm_gcc.h; sourceTree = "<group>"; };
		2382BD901BE7920E0029156B /* atomicops_internals_arm_qnx.h */ = {isa = PBXFileReference; fileEncoding = 4; lastKnownFileType = sourcecode.c.h; path = atomicops_internals_arm_qnx.h; sourceTree = "<group>"; };
		2382BD911BE7920E0029156B /* atomicops_internals_atomicword_compat.h */ = {isa = PBXFileReference; fileEncoding = 4; lastKnownFileType = sourcecode.c.h; path = atomicops_internals_atomicword_compat.h; sourceTree = "<group>"; };
		2382BD921BE7920E0029156B /* atomicops_internals_generic_gcc.h */ = {isa = PBXFileReference; fileEncoding = 4; lastKnownFileType = sourcecode.c.h; path = atomicops_internals_generic_gcc.h; sourceTree = "<group>"; };
		2382BD931BE7920E0029156B /* atomicops_internals_macosx.h */ = {isa = PBXFileReference; fileEncoding = 4; lastKnownFileType = sourcecode.c.h; path = atomicops_internals_macosx.h; sourceTree = "<group>"; };
		2382BD941BE7920E0029156B /* atomicops_internals_mips_gcc.h */ = {isa = PBXFileReference; fileEncoding = 4; lastKnownFileType = sourcecode.c.h; path = atomicops_internals_mips_gcc.h; sourceTree = "<group>"; };
		2382BD951BE7920E0029156B /* atomicops_internals_pnacl.h */ = {isa = PBXFileReference; fileEncoding = 4; lastKnownFileType = sourcecode.c.h; path = atomicops_internals_pnacl.h; sourceTree = "<group>"; };
		2382BD961BE7920E0029156B /* atomicops_internals_solaris.h */ = {isa = PBXFileReference; fileEncoding = 4; lastKnownFileType = sourcecode.c.h; path = atomicops_internals_solaris.h; sourceTree = "<group>"; };
		2382BD971BE7920E0029156B /* atomicops_internals_tsan.h */ = {isa = PBXFileReference; fileEncoding = 4; lastKnownFileType = sourcecode.c.h; path = atomicops_internals_tsan.h; sourceTree = "<group>"; };
		2382BD981BE7920E0029156B /* atomicops_internals_x86_gcc.h */ = {isa = PBXFileReference; fileEncoding = 4; lastKnownFileType = sourcecode.c.h; path = atomicops_internals_x86_gcc.h; sourceTree = "<group>"; };
		2382BD991BE7920E0029156B /* atomicops_internals_x86_msvc.h */ = {isa = PBXFileReference; fileEncoding = 4; lastKnownFileType = sourcecode.c.h; path = atomicops_internals_x86_msvc.h; sourceTree = "<group>"; };
		2382BD9A1BE7920E0029156B /* common.h */ = {isa = PBXFileReference; fileEncoding = 4; lastKnownFileType = sourcecode.c.h; path = common.h; sourceTree = "<group>"; };
		2382BD9B1BE7920E0029156B /* once.h */ = {isa = PBXFileReference; fileEncoding = 4; lastKnownFileType = sourcecode.c.h; path = once.h; sourceTree = "<group>"; };
		2382BD9C1BE7920E0029156B /* platform_macros.h */ = {isa = PBXFileReference; fileEncoding = 4; lastKnownFileType = sourcecode.c.h; path = platform_macros.h; sourceTree = "<group>"; };
		2382BD9D1BE7920E0029156B /* stl_util.h */ = {isa = PBXFileReference; fileEncoding = 4; lastKnownFileType = sourcecode.c.h; path = stl_util.h; sourceTree = "<group>"; };
		2382BD9E1BE7920E0029156B /* template_util.h */ = {isa = PBXFileReference; fileEncoding = 4; lastKnownFileType = sourcecode.c.h; path = template_util.h; sourceTree = "<group>"; };
		2382BD9F1BE7920E0029156B /* type_traits.h */ = {isa = PBXFileReference; fileEncoding = 4; lastKnownFileType = sourcecode.c.h; path = type_traits.h; sourceTree = "<group>"; };
		2382BDA01BE7920E0029156B /* text_format.h */ = {isa = PBXFileReference; fileEncoding = 4; lastKnownFileType = sourcecode.c.h; path = text_format.h; sourceTree = "<group>"; };
		2382BDA11BE7920E0029156B /* unknown_field_set.h */ = {isa = PBXFileReference; fileEncoding = 4; lastKnownFileType = sourcecode.c.h; path = unknown_field_set.h; sourceTree = "<group>"; };
		2382BDA21BE7920E0029156B /* wire_format.h */ = {isa = PBXFileReference; fileEncoding = 4; lastKnownFileType = sourcecode.c.h; path = wire_format.h; sourceTree = "<group>"; };
		2382BDA31BE7920E0029156B /* wire_format_lite.h */ = {isa = PBXFileReference; fileEncoding = 4; lastKnownFileType = sourcecode.c.h; path = wire_format_lite.h; sourceTree = "<group>"; };
		2382BDA41BE7920E0029156B /* wire_format_lite_inl.h */ = {isa = PBXFileReference; fileEncoding = 4; lastKnownFileType = sourcecode.c.h; path = wire_format_lite_inl.h; sourceTree = "<group>"; };
		23C9FA211BE7AE7C00170B96 /* GameScene.cpp */ = {isa = PBXFileReference; fileEncoding = 4; lastKnownFileType = sourcecode.cpp.cpp; name = GameScene.cpp; path = ../Classes/GameScene.cpp; sourceTree = "<group>"; };
		23C9FA221BE7AE7C00170B96 /* GameScene.h */ = {isa = PBXFileReference; fileEncoding = 4; lastKnownFileType = sourcecode.c.h; name = GameScene.h; path = ../Classes/GameScene.h; sourceTree = "<group>"; };
		23C9FA281BE7AED500170B96 /* GameMap.cpp */ = {isa = PBXFileReference; fileEncoding = 4; lastKnownFileType = sourcecode.cpp.cpp; name = GameMap.cpp; path = ../Classes/GameMap.cpp; sourceTree = "<group>"; };
		23C9FA291BE7AED500170B96 /* GameMap.h */ = {isa = PBXFileReference; fileEncoding = 4; lastKnownFileType = sourcecode.c.h; name = GameMap.h; path = ../Classes/GameMap.h; sourceTree = "<group>"; };
		23C9FA2D1BE7AF9E00170B96 /* GameConfig.h */ = {isa = PBXFileReference; lastKnownFileType = sourcecode.c.h; path = GameConfig.h; sourceTree = "<group>"; };
		23C9FA2E1BE7B0C000170B96 /* InfoLayer.cpp */ = {isa = PBXFileReference; fileEncoding = 4; lastKnownFileType = sourcecode.cpp.cpp; name = InfoLayer.cpp; path = ../Classes/InfoLayer.cpp; sourceTree = "<group>"; };
		23C9FA2F1BE7B0C000170B96 /* InfoLayer.h */ = {isa = PBXFileReference; fileEncoding = 4; lastKnownFileType = sourcecode.c.h; name = InfoLayer.h; path = ../Classes/InfoLayer.h; sourceTree = "<group>"; };
		23C9FA341BE8D71100170B96 /* README.md */ = {isa = PBXFileReference; lastKnownFileType = net.daringfireball.markdown; path = README.md; sourceTree = "<group>"; };
		23C9FA491BE9041B00170B96 /* msgplayer.pb.cc */ = {isa = PBXFileReference; fileEncoding = 4; lastKnownFileType = sourcecode.cpp.cpp; path = msgplayer.pb.cc; sourceTree = "<group>"; };
		23C9FA4A1BE9041B00170B96 /* msgplayer.pb.h */ = {isa = PBXFileReference; fileEncoding = 4; lastKnownFileType = sourcecode.c.h; path = msgplayer.pb.h; sourceTree = "<group>"; };
		23C9FA4B1BE9041B00170B96 /* msguser.pb.cc */ = {isa = PBXFileReference; fileEncoding = 4; lastKnownFileType = sourcecode.cpp.cpp; path = msguser.pb.cc; sourceTree = "<group>"; };
		23C9FA4C1BE9041B00170B96 /* msguser.pb.h */ = {isa = PBXFileReference; fileEncoding = 4; lastKnownFileType = sourcecode.c.h; path = msguser.pb.h; sourceTree = "<group>"; };
		23C9FA511BE9048200170B96 /* Utility.cpp */ = {isa = PBXFileReference; fileEncoding = 4; lastKnownFileType = sourcecode.cpp.cpp; name = Utility.cpp; path = ../Classes/Utility.cpp; sourceTree = "<group>"; };
		23C9FA521BE9048200170B96 /* Utility.h */ = {isa = PBXFileReference; fileEncoding = 4; lastKnownFileType = sourcecode.c.h; name = Utility.h; path = ../Classes/Utility.h; sourceTree = "<group>"; };
		23C9FA561BE9ACB100170B96 /* Player.cpp */ = {isa = PBXFileReference; fileEncoding = 4; lastKnownFileType = sourcecode.cpp.cpp; name = Player.cpp; path = ../Classes/Player.cpp; sourceTree = "<group>"; };
		23C9FA571BE9ACB100170B96 /* Player.h */ = {isa = PBXFileReference; fileEncoding = 4; lastKnownFileType = sourcecode.c.h; name = Player.h; path = ../Classes/Player.h; sourceTree = "<group>"; };
		23C9FA5C1BE9B1DE00170B96 /* Resources.h */ = {isa = PBXFileReference; lastKnownFileType = sourcecode.c.h; path = Resources.h; sourceTree = "<group>"; };
		23C9FA5D1BE9BAA000170B96 /* maps */ = {isa = PBXFileReference; lastKnownFileType = folder; path = maps; sourceTree = "<group>"; };
		288765A40DF7441C002DB57D /* CoreGraphics.framework */ = {isa = PBXFileReference; lastKnownFileType = wrapper.framework; name = CoreGraphics.framework; path = System/Library/Frameworks/CoreGraphics.framework; sourceTree = SDKROOT; };
		503AE0F617EB97AB00D1A890 /* Icon.icns */ = {isa = PBXFileReference; lastKnownFileType = image.icns; path = Icon.icns; sourceTree = "<group>"; };
		503AE0F717EB97AB00D1A890 /* Info.plist */ = {isa = PBXFileReference; fileEncoding = 4; lastKnownFileType = text.plist.xml; path = Info.plist; sourceTree = "<group>"; };
		503AE0FA17EB989F00D1A890 /* AppController.h */ = {isa = PBXFileReference; fileEncoding = 4; lastKnownFileType = sourcecode.c.h; name = AppController.h; path = ios/AppController.h; sourceTree = SOURCE_ROOT; };
		503AE0FB17EB989F00D1A890 /* AppController.mm */ = {isa = PBXFileReference; fileEncoding = 4; lastKnownFileType = sourcecode.cpp.objcpp; name = AppController.mm; path = ios/AppController.mm; sourceTree = SOURCE_ROOT; };
		503AE0FC17EB989F00D1A890 /* main.m */ = {isa = PBXFileReference; fileEncoding = 4; lastKnownFileType = sourcecode.c.objc; name = main.m; path = ios/main.m; sourceTree = SOURCE_ROOT; };
		503AE0FD17EB989F00D1A890 /* Prefix.pch */ = {isa = PBXFileReference; fileEncoding = 4; lastKnownFileType = sourcecode.c.h; name = Prefix.pch; path = ios/Prefix.pch; sourceTree = SOURCE_ROOT; };
		503AE0FE17EB989F00D1A890 /* RootViewController.h */ = {isa = PBXFileReference; fileEncoding = 4; lastKnownFileType = sourcecode.c.h; name = RootViewController.h; path = ios/RootViewController.h; sourceTree = SOURCE_ROOT; };
		503AE0FF17EB989F00D1A890 /* RootViewController.mm */ = {isa = PBXFileReference; fileEncoding = 4; lastKnownFileType = sourcecode.cpp.objcpp; name = RootViewController.mm; path = ios/RootViewController.mm; sourceTree = SOURCE_ROOT; };
		503AE10317EB98FF00D1A890 /* main.cpp */ = {isa = PBXFileReference; fileEncoding = 4; lastKnownFileType = sourcecode.cpp.cpp; name = main.cpp; path = mac/main.cpp; sourceTree = "<group>"; };
		503AE10417EB98FF00D1A890 /* Prefix.pch */ = {isa = PBXFileReference; fileEncoding = 4; lastKnownFileType = sourcecode.c.h; name = Prefix.pch; path = mac/Prefix.pch; sourceTree = "<group>"; };
		503AE11117EB99EE00D1A890 /* libcurl.dylib */ = {isa = PBXFileReference; lastKnownFileType = "compiled.mach-o.dylib"; name = libcurl.dylib; path = usr/lib/libcurl.dylib; sourceTree = SDKROOT; };
		503AE11A17EB9C5A00D1A890 /* IOKit.framework */ = {isa = PBXFileReference; lastKnownFileType = wrapper.framework; name = IOKit.framework; path = System/Library/Frameworks/IOKit.framework; sourceTree = SDKROOT; };
		5087E76F17EB910900C73F5D /* Net_2 Mac.app */ = {isa = PBXFileReference; explicitFileType = wrapper.application; includeInIndex = 0; path = "Net_2 Mac.app"; sourceTree = BUILT_PRODUCTS_DIR; };
		5087E77217EB970100C73F5D /* Default-568h@2x.png */ = {isa = PBXFileReference; lastKnownFileType = image.png; path = "Default-568h@2x.png"; sourceTree = "<group>"; };
		5087E77317EB970100C73F5D /* Default.png */ = {isa = PBXFileReference; lastKnownFileType = image.png; path = Default.png; sourceTree = "<group>"; };
		5087E77417EB970100C73F5D /* Default@2x.png */ = {isa = PBXFileReference; lastKnownFileType = image.png; path = "Default@2x.png"; sourceTree = "<group>"; };
		5087E77517EB970100C73F5D /* Icon-114.png */ = {isa = PBXFileReference; lastKnownFileType = image.png; path = "Icon-114.png"; sourceTree = "<group>"; };
		5087E77617EB970100C73F5D /* Icon-120.png */ = {isa = PBXFileReference; lastKnownFileType = image.png; path = "Icon-120.png"; sourceTree = "<group>"; };
		5087E77717EB970100C73F5D /* Icon-144.png */ = {isa = PBXFileReference; lastKnownFileType = image.png; path = "Icon-144.png"; sourceTree = "<group>"; };
		5087E77817EB970100C73F5D /* Icon-152.png */ = {isa = PBXFileReference; lastKnownFileType = image.png; path = "Icon-152.png"; sourceTree = "<group>"; };
		5087E77917EB970100C73F5D /* Icon-57.png */ = {isa = PBXFileReference; lastKnownFileType = image.png; path = "Icon-57.png"; sourceTree = "<group>"; };
		5087E77A17EB970100C73F5D /* Icon-72.png */ = {isa = PBXFileReference; lastKnownFileType = image.png; path = "Icon-72.png"; sourceTree = "<group>"; };
		5087E77B17EB970100C73F5D /* Icon-76.png */ = {isa = PBXFileReference; lastKnownFileType = image.png; path = "Icon-76.png"; sourceTree = "<group>"; };
		5087E77C17EB970100C73F5D /* Info.plist */ = {isa = PBXFileReference; fileEncoding = 4; lastKnownFileType = text.plist.xml; path = Info.plist; sourceTree = "<group>"; };
		5087E78817EB974C00C73F5D /* AppKit.framework */ = {isa = PBXFileReference; lastKnownFileType = wrapper.framework; name = AppKit.framework; path = System/Library/Frameworks/AppKit.framework; sourceTree = SDKROOT; };
		5087E78A17EB975400C73F5D /* OpenGL.framework */ = {isa = PBXFileReference; lastKnownFileType = wrapper.framework; name = OpenGL.framework; path = System/Library/Frameworks/OpenGL.framework; sourceTree = SDKROOT; };
		50EF629217ECD46A001EB2F8 /* Icon-40.png */ = {isa = PBXFileReference; lastKnownFileType = image.png; path = "Icon-40.png"; sourceTree = "<group>"; };
		50EF629317ECD46A001EB2F8 /* Icon-58.png */ = {isa = PBXFileReference; lastKnownFileType = image.png; path = "Icon-58.png"; sourceTree = "<group>"; };
		50EF629417ECD46A001EB2F8 /* Icon-80.png */ = {isa = PBXFileReference; lastKnownFileType = image.png; path = "Icon-80.png"; sourceTree = "<group>"; };
		50EF629517ECD46A001EB2F8 /* Icon-100.png */ = {isa = PBXFileReference; lastKnownFileType = image.png; path = "Icon-100.png"; sourceTree = "<group>"; };
		50EF62A017ECD613001EB2F8 /* Icon-29.png */ = {isa = PBXFileReference; lastKnownFileType = image.png; path = "Icon-29.png"; sourceTree = "<group>"; };
		50EF62A117ECD613001EB2F8 /* Icon-50.png */ = {isa = PBXFileReference; lastKnownFileType = image.png; path = "Icon-50.png"; sourceTree = "<group>"; };
		BF170DB012928DE900B8313A /* OpenGLES.framework */ = {isa = PBXFileReference; lastKnownFileType = wrapper.framework; name = OpenGLES.framework; path = System/Library/Frameworks/OpenGLES.framework; sourceTree = SDKROOT; };
		BF170DB412928DE900B8313A /* libz.dylib */ = {isa = PBXFileReference; lastKnownFileType = "compiled.mach-o.dylib"; name = libz.dylib; path = usr/lib/libz.dylib; sourceTree = SDKROOT; };
		BF1C47EA1293683800B63C5D /* QuartzCore.framework */ = {isa = PBXFileReference; lastKnownFileType = wrapper.framework; name = QuartzCore.framework; path = System/Library/Frameworks/QuartzCore.framework; sourceTree = SDKROOT; };
		D44C620B132DFF330009C878 /* OpenAL.framework */ = {isa = PBXFileReference; lastKnownFileType = wrapper.framework; name = OpenAL.framework; path = System/Library/Frameworks/OpenAL.framework; sourceTree = SDKROOT; };
		D44C620D132DFF430009C878 /* AVFoundation.framework */ = {isa = PBXFileReference; lastKnownFileType = wrapper.framework; name = AVFoundation.framework; path = System/Library/Frameworks/AVFoundation.framework; sourceTree = SDKROOT; };
		D44C620F132DFF4E0009C878 /* AudioToolbox.framework */ = {isa = PBXFileReference; lastKnownFileType = wrapper.framework; name = AudioToolbox.framework; path = System/Library/Frameworks/AudioToolbox.framework; sourceTree = SDKROOT; };
		D6B0611A1803AB670077942B /* CoreMotion.framework */ = {isa = PBXFileReference; lastKnownFileType = wrapper.framework; name = CoreMotion.framework; path = Platforms/iPhoneOS.platform/Developer/SDKs/iPhoneOS7.0.sdk/System/Library/Frameworks/CoreMotion.framework; sourceTree = DEVELOPER_DIR; };
/* End PBXFileReference section */

/* Begin PBXFrameworksBuildPhase section */
		1D60588F0D05DD3D006BFB54 /* Frameworks */ = {
			isa = PBXFrameworksBuildPhase;
			buildActionMask = 2147483647;
			files = (
				1AC6FB2E180E99EB004C840B /* libbox2d iOS.a in Frameworks */,
				1AC6FB2F180E99EB004C840B /* libchipmunk iOS.a in Frameworks */,
				1AC6FB30180E99EB004C840B /* libcocos2dx iOS.a in Frameworks */,
				1AC6FB31180E99EB004C840B /* libcocos2dx-extensions iOS.a in Frameworks */,
				2382BD631BE792070029156B /* libprotobuf.a in Frameworks */,
				1AC6FB32180E99EB004C840B /* libCocosDenshion iOS.a in Frameworks */,
				D6B0611B1803AB670077942B /* CoreMotion.framework in Frameworks */,
				1D60589F0D05DD5A006BFB54 /* Foundation.framework in Frameworks */,
				1DF5F4E00D08C38300B7A737 /* UIKit.framework in Frameworks */,
				288765A50DF7441C002DB57D /* CoreGraphics.framework in Frameworks */,
				BF171245129291EC00B8313A /* OpenGLES.framework in Frameworks */,
				BF1712471292920000B8313A /* libz.dylib in Frameworks */,
				BF1C47F01293687400B63C5D /* QuartzCore.framework in Frameworks */,
				D44C620C132DFF330009C878 /* OpenAL.framework in Frameworks */,
				D44C620E132DFF430009C878 /* AVFoundation.framework in Frameworks */,
				D44C6210132DFF4E0009C878 /* AudioToolbox.framework in Frameworks */,
			);
			runOnlyForDeploymentPostprocessing = 0;
		};
		5087E75C17EB910900C73F5D /* Frameworks */ = {
			isa = PBXFrameworksBuildPhase;
			buildActionMask = 2147483647;
			files = (
				1AC6FB1F180E996B004C840B /* libbox2d Mac.a in Frameworks */,
				1AC6FB20180E996B004C840B /* libchipmunk Mac.a in Frameworks */,
				1AC6FB21180E996B004C840B /* libcocos2dx Mac.a in Frameworks */,
				1AC6FB22180E996B004C840B /* libcocos2dx-extensions Mac.a in Frameworks */,
				1AC6FB23180E996B004C840B /* libCocosDenshion Mac.a in Frameworks */,
				503AE11217EB99EE00D1A890 /* libcurl.dylib in Frameworks */,
				5087E76717EB910900C73F5D /* libz.dylib in Frameworks */,
				503AE11B17EB9C5A00D1A890 /* IOKit.framework in Frameworks */,
				5087E78B17EB975400C73F5D /* OpenGL.framework in Frameworks */,
				2382BD641BE792070029156B /* libprotobuf.a in Frameworks */,
				5087E78917EB974C00C73F5D /* AppKit.framework in Frameworks */,
				5087E76317EB910900C73F5D /* Foundation.framework in Frameworks */,
				5087E76517EB910900C73F5D /* CoreGraphics.framework in Frameworks */,
				5087E76817EB910900C73F5D /* QuartzCore.framework in Frameworks */,
				5087E76917EB910900C73F5D /* OpenAL.framework in Frameworks */,
				5087E76A17EB910900C73F5D /* AVFoundation.framework in Frameworks */,
				5087E76B17EB910900C73F5D /* AudioToolbox.framework in Frameworks */,
			);
			runOnlyForDeploymentPostprocessing = 0;
		};
/* End PBXFrameworksBuildPhase section */

/* Begin PBXGroup section */
		080E96DDFE201D6D7F000001 /* ios */ = {
			isa = PBXGroup;
			children = (
				5087E77117EB970100C73F5D /* Icons */,
				503AE0FA17EB989F00D1A890 /* AppController.h */,
				503AE0FB17EB989F00D1A890 /* AppController.mm */,
				503AE0FC17EB989F00D1A890 /* main.m */,
				503AE0FD17EB989F00D1A890 /* Prefix.pch */,
				503AE0FE17EB989F00D1A890 /* RootViewController.h */,
				503AE0FF17EB989F00D1A890 /* RootViewController.mm */,
			);
			name = ios;
			path = Classes;
			sourceTree = "<group>";
		};
		15AA9C4015B7EC450033D6C2 /* Classes */ = {
			isa = PBXGroup;
			children = (
				2370D50B1BECFB6300936159 /* test */,
				23C9FA2C1BE7AF4A00170B96 /* config */,
				23C9FA271BE7AEC000170B96 /* game */,
				2382BD651BE7920E0029156B /* google */,
				2382BD581BE791A90029156B /* message */,
				236BCC441BE64B1500697881 /* net */,
				236BCB8F1BE3CB3B00697881 /* zclib */,
				236BCB821BE3AF7500697881 /* login */,
				1AFAF8B316D35DE700DB1158 /* AppDelegate.cpp */,
				1AFAF8B416D35DE700DB1158 /* AppDelegate.h */,
				1AFAF8B516D35DE700DB1158 /* HelloWorldScene.cpp */,
				1AFAF8B616D35DE700DB1158 /* HelloWorldScene.h */,
			);
			name = Classes;
			path = ../classes;
			sourceTree = "<group>";
		};
		19C28FACFE9D520D11CA2CBB /* Products */ = {
			isa = PBXGroup;
			children = (
				1D6058910D05DD3D006BFB54 /* Net_2 iOS.app */,
				5087E76F17EB910900C73F5D /* Net_2 Mac.app */,
			);
			name = Products;
			sourceTree = "<group>";
		};
		1AC6FAE6180E9839004C840B /* Products */ = {
			isa = PBXGroup;
			children = (
				1AC6FAF9180E9839004C840B /* libcocos2dx Mac.a */,
				1AC6FAFB180E9839004C840B /* libcocos2dx-extensions Mac.a */,
				1AC6FAFD180E9839004C840B /* libchipmunk Mac.a */,
				1AC6FAFF180E9839004C840B /* libbox2d Mac.a */,
				1AC6FB01180E9839004C840B /* libCocosDenshion Mac.a */,
				1AC6FB07180E9839004C840B /* libcocos2dx iOS.a */,
				1AC6FB09180E9839004C840B /* libcocos2dx-extensions iOS.a */,
				1AC6FB0B180E9839004C840B /* libchipmunk iOS.a */,
				1AC6FB0D180E9839004C840B /* libbox2d iOS.a */,
				1AC6FB0F180E9839004C840B /* libCocosDenshion iOS.a */,
			);
			name = Products;
			sourceTree = "<group>";
		};
		236BCB821BE3AF7500697881 /* login */ = {
			isa = PBXGroup;
			children = (
				236BCB851BE3AFA200697881 /* Login.cpp */,
				236BCB861BE3AFA200697881 /* Login.h */,
			);
			name = login;
			sourceTree = "<group>";
		};
		236BCB8F1BE3CB3B00697881 /* zclib */ = {
			isa = PBXGroup;
			children = (
				236BCB901BE3CB4900697881 /* ZCButton.cpp */,
				236BCB911BE3CB4900697881 /* ZCButton.h */,
				23C9FA511BE9048200170B96 /* Utility.cpp */,
				23C9FA521BE9048200170B96 /* Utility.h */,
			);
			name = zclib;
			sourceTree = "<group>";
		};
		236BCC441BE64B1500697881 /* net */ = {
			isa = PBXGroup;
			children = (
				2370D4E51BEB97B700936159 /* handler */,
				2370D4D91BEB97B400936159 /* SystemHandler.cpp */,
				2370D4DA1BEB97B400936159 /* SystemHandler.h */,
				2382BD3E1BE7845A0029156B /* BaseSocket.cpp */,
				2382BD3F1BE7845A0029156B /* BaseSocket.h */,
				2382BD401BE7845A0029156B /* Msg.h */,
				2382BD411BE7845A0029156B /* MsgDispatch.cpp */,
				2382BD421BE7845A0029156B /* MsgDispatch.h */,
				2382BD431BE7845A0029156B /* MsgHandler.h */,
				2382BD441BE7845A0029156B /* MyAlias.h */,
				2382BD451BE7845A0029156B /* NetWorkManager.cpp */,
				2382BD461BE7845A0029156B /* NetWorkManager.h */,
				2382BD471BE7845A0029156B /* SocketManager.cpp */,
				2382BD481BE7845A0029156B /* SocketManager.h */,
			);
			name = net;
			sourceTree = "<group>";
		};
		2370D4E51BEB97B700936159 /* handler */ = {
			isa = PBXGroup;
			children = (
				2370D4D31BEB97B400936159 /* BroadcastHandler.cpp */,
				2370D4D41BEB97B400936159 /* BroadcastHandler.h */,
				2370D4D51BEB97B400936159 /* GameHandler.cpp */,
				2370D4D61BEB97B400936159 /* GameHandler.h */,
				2370D4D71BEB97B400936159 /* LoginHandler.cpp */,
				2370D4D81BEB97B400936159 /* LoginHandler.h */,
			);
			name = handler;
			sourceTree = "<group>";
		};
		2370D50B1BECFB6300936159 /* test */ = {
			isa = PBXGroup;
			children = (
				2370D50C1BECFB7000936159 /* TestGame.cpp */,
				2370D50D1BECFB7000936159 /* TestGame.h */,
				2370D5101BECFC9700936159 /* TestPlayer.cpp */,
				2370D5111BECFC9700936159 /* TestPlayer.h */,
			);
			name = test;
			sourceTree = "<group>";
		};
		2382BD581BE791A90029156B /* message */ = {
			isa = PBXGroup;
			children = (
				2370D5051BECFB3600936159 /* msgdelay.pb.cc */,
				2370D5061BECFB3600936159 /* msgdelay.pb.h */,
				23567FD11BEA536000FD98DF /* msgmoveRes.pb.cc */,
				23567FD21BEA536000FD98DF /* msgmoveRes.pb.h */,
				23567FCB1BEA3BC500FD98DF /* msgmove.pb.cc */,
				23567FCC1BEA3BC500FD98DF /* msgmove.pb.h */,
				23C9FA491BE9041B00170B96 /* msgplayer.pb.cc */,
				23C9FA4A1BE9041B00170B96 /* msgplayer.pb.h */,
				23C9FA4B1BE9041B00170B96 /* msguser.pb.cc */,
				23C9FA4C1BE9041B00170B96 /* msguser.pb.h */,
			);
			path = message;
			sourceTree = "<group>";
		};
		2382BD651BE7920E0029156B /* google */ = {
			isa = PBXGroup;
			children = (
				2382BD661BE7920E0029156B /* protobuf */,
			);
			path = google;
			sourceTree = "<group>";
		};
		2382BD661BE7920E0029156B /* protobuf */ = {
			isa = PBXGroup;
			children = (
				2382BD671BE7920E0029156B /* compiler */,
				2382BD751BE7920E0029156B /* descriptor.h */,
				2382BD761BE7920E0029156B /* descriptor.pb.h */,
				2382BD771BE7920E0029156B /* descriptor.proto */,
				2382BD781BE7920E0029156B /* descriptor_database.h */,
				2382BD791BE7920E0029156B /* dynamic_message.h */,
				2382BD7A1BE7920E0029156B /* extension_set.h */,
				2382BD7B1BE7920E0029156B /* generated_enum_reflection.h */,
				2382BD7C1BE7920E0029156B /* generated_message_reflection.h */,
				2382BD7D1BE7920E0029156B /* generated_message_util.h */,
				2382BD7E1BE7920E0029156B /* io */,
				2382BD871BE7920E0029156B /* message.h */,
				2382BD881BE7920E0029156B /* message_lite.h */,
				2382BD891BE7920E0029156B /* reflection_ops.h */,
				2382BD8A1BE7920E0029156B /* repeated_field.h */,
				2382BD8B1BE7920E0029156B /* service.h */,
				2382BD8C1BE7920E0029156B /* stubs */,
				2382BDA01BE7920E0029156B /* text_format.h */,
				2382BDA11BE7920E0029156B /* unknown_field_set.h */,
				2382BDA21BE7920E0029156B /* wire_format.h */,
				2382BDA31BE7920E0029156B /* wire_format_lite.h */,
				2382BDA41BE7920E0029156B /* wire_format_lite_inl.h */,
			);
			path = protobuf;
			sourceTree = "<group>";
		};
		2382BD671BE7920E0029156B /* compiler */ = {
			isa = PBXGroup;
			children = (
				2382BD681BE7920E0029156B /* code_generator.h */,
				2382BD691BE7920E0029156B /* command_line_interface.h */,
				2382BD6A1BE7920E0029156B /* cpp */,
				2382BD6C1BE7920E0029156B /* importer.h */,
				2382BD6D1BE7920E0029156B /* java */,
				2382BD6F1BE7920E0029156B /* parser.h */,
				2382BD701BE7920E0029156B /* plugin.h */,
				2382BD711BE7920E0029156B /* plugin.pb.h */,
				2382BD721BE7920E0029156B /* plugin.proto */,
				2382BD731BE7920E0029156B /* python */,
			);
			path = compiler;
			sourceTree = "<group>";
		};
		2382BD6A1BE7920E0029156B /* cpp */ = {
			isa = PBXGroup;
			children = (
				2382BD6B1BE7920E0029156B /* cpp_generator.h */,
			);
			path = cpp;
			sourceTree = "<group>";
		};
		2382BD6D1BE7920E0029156B /* java */ = {
			isa = PBXGroup;
			children = (
				2382BD6E1BE7920E0029156B /* java_generator.h */,
			);
			path = java;
			sourceTree = "<group>";
		};
		2382BD731BE7920E0029156B /* python */ = {
			isa = PBXGroup;
			children = (
				2382BD741BE7920E0029156B /* python_generator.h */,
			);
			path = python;
			sourceTree = "<group>";
		};
		2382BD7E1BE7920E0029156B /* io */ = {
			isa = PBXGroup;
			children = (
				2382BD7F1BE7920E0029156B /* coded_stream.h */,
				2382BD801BE7920E0029156B /* gzip_stream.h */,
				2382BD811BE7920E0029156B /* printer.h */,
				2382BD821BE7920E0029156B /* strtod.h */,
				2382BD831BE7920E0029156B /* tokenizer.h */,
				2382BD841BE7920E0029156B /* zero_copy_stream.h */,
				2382BD851BE7920E0029156B /* zero_copy_stream_impl.h */,
				2382BD861BE7920E0029156B /* zero_copy_stream_impl_lite.h */,
			);
			path = io;
			sourceTree = "<group>";
		};
		2382BD8C1BE7920E0029156B /* stubs */ = {
			isa = PBXGroup;
			children = (
				2382BD8D1BE7920E0029156B /* atomicops.h */,
				2382BD8E1BE7920E0029156B /* atomicops_internals_arm64_gcc.h */,
				2382BD8F1BE7920E0029156B /* atomicops_internals_arm_gcc.h */,
				2382BD901BE7920E0029156B /* atomicops_internals_arm_qnx.h */,
				2382BD911BE7920E0029156B /* atomicops_internals_atomicword_compat.h */,
				2382BD921BE7920E0029156B /* atomicops_internals_generic_gcc.h */,
				2382BD931BE7920E0029156B /* atomicops_internals_macosx.h */,
				2382BD941BE7920E0029156B /* atomicops_internals_mips_gcc.h */,
				2382BD951BE7920E0029156B /* atomicops_internals_pnacl.h */,
				2382BD961BE7920E0029156B /* atomicops_internals_solaris.h */,
				2382BD971BE7920E0029156B /* atomicops_internals_tsan.h */,
				2382BD981BE7920E0029156B /* atomicops_internals_x86_gcc.h */,
				2382BD991BE7920E0029156B /* atomicops_internals_x86_msvc.h */,
				2382BD9A1BE7920E0029156B /* common.h */,
				2382BD9B1BE7920E0029156B /* once.h */,
				2382BD9C1BE7920E0029156B /* platform_macros.h */,
				2382BD9D1BE7920E0029156B /* stl_util.h */,
				2382BD9E1BE7920E0029156B /* template_util.h */,
				2382BD9F1BE7920E0029156B /* type_traits.h */,
			);
			path = stubs;
			sourceTree = "<group>";
		};
		23C9FA271BE7AEC000170B96 /* game */ = {
			isa = PBXGroup;
			children = (
				23C9FA2F1BE7B0C000170B96 /* InfoLayer.h */,
				23C9FA2E1BE7B0C000170B96 /* InfoLayer.cpp */,
				23C9FA281BE7AED500170B96 /* GameMap.cpp */,
				23C9FA291BE7AED500170B96 /* GameMap.h */,
				23C9FA211BE7AE7C00170B96 /* GameScene.cpp */,
				23C9FA221BE7AE7C00170B96 /* GameScene.h */,
				23C9FA561BE9ACB100170B96 /* Player.cpp */,
				23C9FA571BE9ACB100170B96 /* Player.h */,
			);
			name = game;
			sourceTree = "<group>";
		};
		23C9FA2C1BE7AF4A00170B96 /* config */ = {
			isa = PBXGroup;
			children = (
				23C9FA2D1BE7AF9E00170B96 /* GameConfig.h */,
				2382BD531BE78F270029156B /* CmdCode.h */,
				23C9FA5C1BE9B1DE00170B96 /* Resources.h */,
			);
			name = config;
			sourceTree = "<group>";
		};
		29B97314FDCFA39411CA2CEA /* CustomTemplate */ = {
			isa = PBXGroup;
			children = (
				2382BD621BE792070029156B /* libprotobuf.a */,
				1AC6FAE5180E9839004C840B /* cocos2d_libs.xcodeproj */,
				15AA9C4015B7EC450033D6C2 /* Classes */,
				29B97323FDCFA39411CA2CEA /* Frameworks */,
				080E96DDFE201D6D7F000001 /* ios */,
				503AE10617EB990700D1A890 /* mac */,
				19C28FACFE9D520D11CA2CBB /* Products */,
				78C7DDAA14EBA5050085D0C2 /* Resources */,
			);
			name = CustomTemplate;
			sourceTree = "<group>";
		};
		29B97323FDCFA39411CA2CEA /* Frameworks */ = {
			isa = PBXGroup;
			children = (
				D6B0611A1803AB670077942B /* CoreMotion.framework */,
				503AE11A17EB9C5A00D1A890 /* IOKit.framework */,
				503AE11117EB99EE00D1A890 /* libcurl.dylib */,
				5087E78A17EB975400C73F5D /* OpenGL.framework */,
				5087E78817EB974C00C73F5D /* AppKit.framework */,
				1ACB3243164770DE00914215 /* libcurl.a */,
				BF170DB412928DE900B8313A /* libz.dylib */,
				D44C620F132DFF4E0009C878 /* AudioToolbox.framework */,
				D44C620D132DFF430009C878 /* AVFoundation.framework */,
				288765A40DF7441C002DB57D /* CoreGraphics.framework */,
				1D30AB110D05D00D00671497 /* Foundation.framework */,
				D44C620B132DFF330009C878 /* OpenAL.framework */,
				BF170DB012928DE900B8313A /* OpenGLES.framework */,
				BF1C47EA1293683800B63C5D /* QuartzCore.framework */,
				1DF5F4DF0D08C38300B7A737 /* UIKit.framework */,
			);
			name = Frameworks;
			sourceTree = "<group>";
		};
		503AE0F517EB97AB00D1A890 /* Icons */ = {
			isa = PBXGroup;
			children = (
				503AE0F617EB97AB00D1A890 /* Icon.icns */,
				503AE0F717EB97AB00D1A890 /* Info.plist */,
			);
			name = Icons;
			path = mac;
			sourceTree = SOURCE_ROOT;
		};
		503AE10617EB990700D1A890 /* mac */ = {
			isa = PBXGroup;
			children = (
				503AE0F517EB97AB00D1A890 /* Icons */,
				503AE10317EB98FF00D1A890 /* main.cpp */,
				503AE10417EB98FF00D1A890 /* Prefix.pch */,
			);
			name = mac;
			sourceTree = "<group>";
		};
		5087E77117EB970100C73F5D /* Icons */ = {
			isa = PBXGroup;
			children = (
				5087E77217EB970100C73F5D /* Default-568h@2x.png */,
				5087E77317EB970100C73F5D /* Default.png */,
				5087E77417EB970100C73F5D /* Default@2x.png */,
				50EF62A017ECD613001EB2F8 /* Icon-29.png */,
				50EF62A117ECD613001EB2F8 /* Icon-50.png */,
				50EF629217ECD46A001EB2F8 /* Icon-40.png */,
				50EF629317ECD46A001EB2F8 /* Icon-58.png */,
				50EF629417ECD46A001EB2F8 /* Icon-80.png */,
				50EF629517ECD46A001EB2F8 /* Icon-100.png */,
				5087E77517EB970100C73F5D /* Icon-114.png */,
				5087E77617EB970100C73F5D /* Icon-120.png */,
				5087E77717EB970100C73F5D /* Icon-144.png */,
				5087E77817EB970100C73F5D /* Icon-152.png */,
				5087E77917EB970100C73F5D /* Icon-57.png */,
				5087E77A17EB970100C73F5D /* Icon-72.png */,
				5087E77B17EB970100C73F5D /* Icon-76.png */,
				5087E77C17EB970100C73F5D /* Info.plist */,
			);
			name = Icons;
			path = ios;
			sourceTree = SOURCE_ROOT;
		};
		78C7DDAA14EBA5050085D0C2 /* Resources */ = {
			isa = PBXGroup;
			children = (
				23C9FA5D1BE9BAA000170B96 /* maps */,
				236BCB8B1BE3C3E000697881 /* images */,
				1AFAF8B916D35E4900DB1158 /* CloseNormal.png */,
				1AFAF8BA16D35E4900DB1158 /* CloseSelected.png */,
				1AFAF8BB16D35E4900DB1158 /* HelloWorld.png */,
				23C9FA341BE8D71100170B96 /* README.md */,
			);
			name = Resources;
			path = ../Resources;
			sourceTree = "<group>";
		};
/* End PBXGroup section */

/* Begin PBXNativeTarget section */
		1D6058900D05DD3D006BFB54 /* Net_2 iOS */ = {
			isa = PBXNativeTarget;
			buildConfigurationList = 1D6058960D05DD3E006BFB54 /* Build configuration list for PBXNativeTarget "Net_2 iOS" */;
			buildPhases = (
				1D60588D0D05DD3D006BFB54 /* Resources */,
				1D60588E0D05DD3D006BFB54 /* Sources */,
				1D60588F0D05DD3D006BFB54 /* Frameworks */,
			);
			buildRules = (
			);
			dependencies = (
				1AC6FB25180E99E1004C840B /* PBXTargetDependency */,
				1AC6FB27180E99E1004C840B /* PBXTargetDependency */,
				1AC6FB29180E99E1004C840B /* PBXTargetDependency */,
				1AC6FB2B180E99E1004C840B /* PBXTargetDependency */,
				1AC6FB2D180E99E1004C840B /* PBXTargetDependency */,
			);
			name = "Net_2 iOS";
			productName = iphone;
			productReference = 1D6058910D05DD3D006BFB54 /* Net_2 iOS.app */;
			productType = "com.apple.product-type.application";
		};
		5087E73D17EB910900C73F5D /* Net_2 Mac */ = {
			isa = PBXNativeTarget;
			buildConfigurationList = 5087E76C17EB910900C73F5D /* Build configuration list for PBXNativeTarget "Net_2 Mac" */;
			buildPhases = (
				5087E74817EB910900C73F5D /* Resources */,
				5087E75617EB910900C73F5D /* Sources */,
				5087E75C17EB910900C73F5D /* Frameworks */,
			);
			buildRules = (
			);
			dependencies = (
				1AC6FB1E180E9963004C840B /* PBXTargetDependency */,
				1AC6FB16180E9959004C840B /* PBXTargetDependency */,
				1AC6FB18180E9959004C840B /* PBXTargetDependency */,
				1AC6FB1A180E9959004C840B /* PBXTargetDependency */,
				1AC6FB1C180E9959004C840B /* PBXTargetDependency */,
			);
			name = "Net_2 Mac";
			productName = iphone;
			productReference = 5087E76F17EB910900C73F5D /* Net_2 Mac.app */;
			productType = "com.apple.product-type.application";
		};
/* End PBXNativeTarget section */

/* Begin PBXProject section */
		29B97313FDCFA39411CA2CEA /* Project object */ = {
			isa = PBXProject;
			attributes = {
				LastUpgradeCheck = 0500;
				TargetAttributes = {
					1D6058900D05DD3D006BFB54 = {
						DevelopmentTeam = MDDB52YB8L;
					};
				};
			};
			buildConfigurationList = C01FCF4E08A954540054247B /* Build configuration list for PBXProject "Net_2" */;
			compatibilityVersion = "Xcode 3.2";
			developmentRegion = English;
			hasScannedForEncodings = 1;
			knownRegions = (
				English,
				Japanese,
				French,
				German,
			);
			mainGroup = 29B97314FDCFA39411CA2CEA /* CustomTemplate */;
			projectDirPath = "";
			projectReferences = (
				{
					ProductGroup = 1AC6FAE6180E9839004C840B /* Products */;
					ProjectRef = 1AC6FAE5180E9839004C840B /* cocos2d_libs.xcodeproj */;
				},
			);
			projectRoot = "";
			targets = (
				1D6058900D05DD3D006BFB54 /* Net_2 iOS */,
				5087E73D17EB910900C73F5D /* Net_2 Mac */,
			);
		};
/* End PBXProject section */

/* Begin PBXReferenceProxy section */
		1AC6FAF9180E9839004C840B /* libcocos2dx Mac.a */ = {
			isa = PBXReferenceProxy;
			fileType = archive.ar;
			path = "libcocos2dx Mac.a";
			remoteRef = 1AC6FAF8180E9839004C840B /* PBXContainerItemProxy */;
			sourceTree = BUILT_PRODUCTS_DIR;
		};
		1AC6FAFB180E9839004C840B /* libcocos2dx-extensions Mac.a */ = {
			isa = PBXReferenceProxy;
			fileType = archive.ar;
			path = "libcocos2dx-extensions Mac.a";
			remoteRef = 1AC6FAFA180E9839004C840B /* PBXContainerItemProxy */;
			sourceTree = BUILT_PRODUCTS_DIR;
		};
		1AC6FAFD180E9839004C840B /* libchipmunk Mac.a */ = {
			isa = PBXReferenceProxy;
			fileType = archive.ar;
			path = "libchipmunk Mac.a";
			remoteRef = 1AC6FAFC180E9839004C840B /* PBXContainerItemProxy */;
			sourceTree = BUILT_PRODUCTS_DIR;
		};
		1AC6FAFF180E9839004C840B /* libbox2d Mac.a */ = {
			isa = PBXReferenceProxy;
			fileType = archive.ar;
			path = "libbox2d Mac.a";
			remoteRef = 1AC6FAFE180E9839004C840B /* PBXContainerItemProxy */;
			sourceTree = BUILT_PRODUCTS_DIR;
		};
		1AC6FB01180E9839004C840B /* libCocosDenshion Mac.a */ = {
			isa = PBXReferenceProxy;
			fileType = archive.ar;
			path = "libCocosDenshion Mac.a";
			remoteRef = 1AC6FB00180E9839004C840B /* PBXContainerItemProxy */;
			sourceTree = BUILT_PRODUCTS_DIR;
		};
		1AC6FB07180E9839004C840B /* libcocos2dx iOS.a */ = {
			isa = PBXReferenceProxy;
			fileType = archive.ar;
			path = "libcocos2dx iOS.a";
			remoteRef = 1AC6FB06180E9839004C840B /* PBXContainerItemProxy */;
			sourceTree = BUILT_PRODUCTS_DIR;
		};
		1AC6FB09180E9839004C840B /* libcocos2dx-extensions iOS.a */ = {
			isa = PBXReferenceProxy;
			fileType = archive.ar;
			path = "libcocos2dx-extensions iOS.a";
			remoteRef = 1AC6FB08180E9839004C840B /* PBXContainerItemProxy */;
			sourceTree = BUILT_PRODUCTS_DIR;
		};
		1AC6FB0B180E9839004C840B /* libchipmunk iOS.a */ = {
			isa = PBXReferenceProxy;
			fileType = archive.ar;
			path = "libchipmunk iOS.a";
			remoteRef = 1AC6FB0A180E9839004C840B /* PBXContainerItemProxy */;
			sourceTree = BUILT_PRODUCTS_DIR;
		};
		1AC6FB0D180E9839004C840B /* libbox2d iOS.a */ = {
			isa = PBXReferenceProxy;
			fileType = archive.ar;
			path = "libbox2d iOS.a";
			remoteRef = 1AC6FB0C180E9839004C840B /* PBXContainerItemProxy */;
			sourceTree = BUILT_PRODUCTS_DIR;
		};
		1AC6FB0F180E9839004C840B /* libCocosDenshion iOS.a */ = {
			isa = PBXReferenceProxy;
			fileType = archive.ar;
			path = "libCocosDenshion iOS.a";
			remoteRef = 1AC6FB0E180E9839004C840B /* PBXContainerItemProxy */;
			sourceTree = BUILT_PRODUCTS_DIR;
		};
/* End PBXReferenceProxy section */

/* Begin PBXResourcesBuildPhase section */
		1D60588D0D05DD3D006BFB54 /* Resources */ = {
			isa = PBXResourcesBuildPhase;
			buildActionMask = 2147483647;
			files = (
				236BCB8C1BE3C3E000697881 /* images in Resources */,
				5087E78117EB970100C73F5D /* Icon-120.png in Resources */,
				5087E78617EB970100C73F5D /* Icon-76.png in Resources */,
				5087E77F17EB970100C73F5D /* Default@2x.png in Resources */,
				50EF629917ECD46A001EB2F8 /* Icon-100.png in Resources */,
				1AFAF8BC16D35E4900DB1158 /* CloseNormal.png in Resources */,
				5087E78317EB970100C73F5D /* Icon-152.png in Resources */,
				5087E77D17EB970100C73F5D /* Default-568h@2x.png in Resources */,
				5087E78517EB970100C73F5D /* Icon-72.png in Resources */,
				1AFAF8BD16D35E4900DB1158 /* CloseSelected.png in Resources */,
				50EF62A317ECD613001EB2F8 /* Icon-50.png in Resources */,
				5087E78017EB970100C73F5D /* Icon-114.png in Resources */,
				1AFAF8BE16D35E4900DB1158 /* HelloWorld.png in Resources */,
				50EF62A217ECD613001EB2F8 /* Icon-29.png in Resources */,
				50EF629617ECD46A001EB2F8 /* Icon-40.png in Resources */,
				5087E78217EB970100C73F5D /* Icon-144.png in Resources */,
				50EF629817ECD46A001EB2F8 /* Icon-80.png in Resources */,
				5087E78417EB970100C73F5D /* Icon-57.png in Resources */,
				2382BDA51BE7920E0029156B /* plugin.proto in Resources */,
				23C9FA5E1BE9BAA000170B96 /* maps in Resources */,
				5087E77E17EB970100C73F5D /* Default.png in Resources */,
				50EF629717ECD46A001EB2F8 /* Icon-58.png in Resources */,
				2382BDA71BE7920E0029156B /* descriptor.proto in Resources */,
			);
			runOnlyForDeploymentPostprocessing = 0;
		};
		5087E74817EB910900C73F5D /* Resources */ = {
			isa = PBXResourcesBuildPhase;
			buildActionMask = 2147483647;
			files = (
				2382BDA61BE7920E0029156B /* plugin.proto in Resources */,
				2382BDA81BE7920E0029156B /* descriptor.proto in Resources */,
				236BCB8D1BE3C3E000697881 /* images in Resources */,
				5087E75317EB910900C73F5D /* CloseNormal.png in Resources */,
				503AE0F817EB97AB00D1A890 /* Icon.icns in Resources */,
				23C9FA5F1BE9BAA000170B96 /* maps in Resources */,
				5087E75417EB910900C73F5D /* CloseSelected.png in Resources */,
				5087E75517EB910900C73F5D /* HelloWorld.png in Resources */,
			);
			runOnlyForDeploymentPostprocessing = 0;
		};
/* End PBXResourcesBuildPhase section */

/* Begin PBXSourcesBuildPhase section */
		1D60588E0D05DD3D006BFB54 /* Sources */ = {
			isa = PBXSourcesBuildPhase;
			buildActionMask = 2147483647;
			files = (
				503AE10017EB989F00D1A890 /* AppController.mm in Sources */,
				23C9FA531BE9048200170B96 /* Utility.cpp in Sources */,
				23C9FA581BE9ACB100170B96 /* Player.cpp in Sources */,
				2382BD4F1BE7845A0029156B /* SocketManager.cpp in Sources */,
				2370D4DB1BEB97B400936159 /* BroadcastHandler.cpp in Sources */,
				2370D4E11BEB97B400936159 /* SystemHandler.cpp in Sources */,
				23C9FA301BE7B0C000170B96 /* InfoLayer.cpp in Sources */,
				2370D50E1BECFB7000936159 /* TestGame.cpp in Sources */,
				2370D4DF1BEB97B400936159 /* LoginHandler.cpp in Sources */,
				236BCB921BE3CB4900697881 /* ZCButton.cpp in Sources */,
				503AE10217EB989F00D1A890 /* RootViewController.mm in Sources */,
				2382BD491BE7845A0029156B /* BaseSocket.cpp in Sources */,
				23C9FA231BE7AE7C00170B96 /* GameScene.cpp in Sources */,
				2370D5121BECFC9700936159 /* TestPlayer.cpp in Sources */,
				23C9FA4F1BE9041B00170B96 /* msguser.pb.cc in Sources */,
				1AFAF8B716D35DE700DB1158 /* AppDelegate.cpp in Sources */,
				2370D4DD1BEB97B400936159 /* GameHandler.cpp in Sources */,
				2382BD4B1BE7845A0029156B /* MsgDispatch.cpp in Sources */,
				2382BD4D1BE7845A0029156B /* NetWorkManager.cpp in Sources */,
				2370D5071BECFB3600936159 /* msgdelay.pb.cc in Sources */,
				23567FCD1BEA3BC500FD98DF /* msgmove.pb.cc in Sources */,
				23C9FA2A1BE7AED500170B96 /* GameMap.cpp in Sources */,
				503AE10117EB989F00D1A890 /* main.m in Sources */,
				23567FD31BEA536000FD98DF /* msgmoveRes.pb.cc in Sources */,
				1AFAF8B816D35DE700DB1158 /* HelloWorldScene.cpp in Sources */,
				23C9FA4D1BE9041B00170B96 /* msgplayer.pb.cc in Sources */,
				236BCB871BE3AFA200697881 /* Login.cpp in Sources */,
			);
			runOnlyForDeploymentPostprocessing = 0;
		};
		5087E75617EB910900C73F5D /* Sources */ = {
			isa = PBXSourcesBuildPhase;
			buildActionMask = 2147483647;
			files = (
				2382BD4E1BE7845A0029156B /* NetWorkManager.cpp in Sources */,
				5087E75717EB910900C73F5D /* AppDelegate.cpp in Sources */,
				2382BD4C1BE7845A0029156B /* MsgDispatch.cpp in Sources */,
				5087E75817EB910900C73F5D /* HelloWorldScene.cpp in Sources */,
				2370D4DE1BEB97B400936159 /* GameHandler.cpp in Sources */,
				2370D4E01BEB97B400936159 /* LoginHandler.cpp in Sources */,
				23C9FA2B1BE7AED500170B96 /* GameMap.cpp in Sources */,
				236BCB931BE3CB4900697881 /* ZCButton.cpp in Sources */,
				2382BD501BE7845A0029156B /* SocketManager.cpp in Sources */,
				23C9FA501BE9041B00170B96 /* msguser.pb.cc in Sources */,
				23C9FA591BE9ACB100170B96 /* Player.cpp in Sources */,
				23567FCE1BEA3BC500FD98DF /* msgmove.pb.cc in Sources */,
				23567FD41BEA536000FD98DF /* msgmoveRes.pb.cc in Sources */,
				23C9FA4E1BE9041B00170B96 /* msgplayer.pb.cc in Sources */,
				503AE10517EB98FF00D1A890 /* main.cpp in Sources */,
				2370D50F1BECFB7000936159 /* TestGame.cpp in Sources */,
				236BCB881BE3AFA200697881 /* Login.cpp in Sources */,
				2370D5131BECFC9700936159 /* TestPlayer.cpp in Sources */,
				23C9FA311BE7B0C000170B96 /* InfoLayer.cpp in Sources */,
				23C9FA541BE9048200170B96 /* Utility.cpp in Sources */,
				23C9FA241BE7AE7C00170B96 /* GameScene.cpp in Sources */,
				2370D4E21BEB97B400936159 /* SystemHandler.cpp in Sources */,
				2370D4DC1BEB97B400936159 /* BroadcastHandler.cpp in Sources */,
				2382BD4A1BE7845A0029156B /* BaseSocket.cpp in Sources */,
				2370D5081BECFB3600936159 /* msgdelay.pb.cc in Sources */,
			);
			runOnlyForDeploymentPostprocessing = 0;
		};
/* End PBXSourcesBuildPhase section */

/* Begin PBXTargetDependency section */
		1AC6FB16180E9959004C840B /* PBXTargetDependency */ = {
			isa = PBXTargetDependency;
			name = "cocos2dx Mac";
			targetProxy = 1AC6FB15180E9959004C840B /* PBXContainerItemProxy */;
		};
		1AC6FB18180E9959004C840B /* PBXTargetDependency */ = {
			isa = PBXTargetDependency;
			name = "cocos2dx-extensions Mac";
			targetProxy = 1AC6FB17180E9959004C840B /* PBXContainerItemProxy */;
		};
		1AC6FB1A180E9959004C840B /* PBXTargetDependency */ = {
			isa = PBXTargetDependency;
			name = "chipmunk Mac";
			targetProxy = 1AC6FB19180E9959004C840B /* PBXContainerItemProxy */;
		};
		1AC6FB1C180E9959004C840B /* PBXTargetDependency */ = {
			isa = PBXTargetDependency;
			name = "CocosDenshion Mac";
			targetProxy = 1AC6FB1B180E9959004C840B /* PBXContainerItemProxy */;
		};
		1AC6FB1E180E9963004C840B /* PBXTargetDependency */ = {
			isa = PBXTargetDependency;
			name = "box2d Mac";
			targetProxy = 1AC6FB1D180E9963004C840B /* PBXContainerItemProxy */;
		};
		1AC6FB25180E99E1004C840B /* PBXTargetDependency */ = {
			isa = PBXTargetDependency;
			name = "cocos2dx iOS";
			targetProxy = 1AC6FB24180E99E1004C840B /* PBXContainerItemProxy */;
		};
		1AC6FB27180E99E1004C840B /* PBXTargetDependency */ = {
			isa = PBXTargetDependency;
			name = "cocos2dx-extensions iOS";
			targetProxy = 1AC6FB26180E99E1004C840B /* PBXContainerItemProxy */;
		};
		1AC6FB29180E99E1004C840B /* PBXTargetDependency */ = {
			isa = PBXTargetDependency;
			name = "chipmunk iOS";
			targetProxy = 1AC6FB28180E99E1004C840B /* PBXContainerItemProxy */;
		};
		1AC6FB2B180E99E1004C840B /* PBXTargetDependency */ = {
			isa = PBXTargetDependency;
			name = "box2d iOS";
			targetProxy = 1AC6FB2A180E99E1004C840B /* PBXContainerItemProxy */;
		};
		1AC6FB2D180E99E1004C840B /* PBXTargetDependency */ = {
			isa = PBXTargetDependency;
			name = "CocosDenshion iOS";
			targetProxy = 1AC6FB2C180E99E1004C840B /* PBXContainerItemProxy */;
		};
/* End PBXTargetDependency section */

/* Begin XCBuildConfiguration section */
		1D6058940D05DD3E006BFB54 /* Debug */ = {
			isa = XCBuildConfiguration;
			buildSettings = {
				ALWAYS_SEARCH_USER_PATHS = YES;
				CODE_SIGN_IDENTITY = "iPhone Developer";
				COMPRESS_PNG_FILES = NO;
				GCC_DYNAMIC_NO_PIC = NO;
				GCC_INLINES_ARE_PRIVATE_EXTERN = NO;
				GCC_PRECOMPILE_PREFIX_HEADER = YES;
				GCC_PREFIX_HEADER = ios/Prefix.pch;
				GCC_PREPROCESSOR_DEFINITIONS = (
					USE_FILE32API,
					CC_TARGET_OS_IPHONE,
					"COCOS2D_DEBUG=1",
					"CC_ENABLE_CHIPMUNK_INTEGRATION=1",
				);
				GCC_SYMBOLS_PRIVATE_EXTERN = NO;
				HEADER_SEARCH_PATHS = (
					"$(inherited)",
					"$(SRCROOT)/../cocos2d/cocos/platform/ios",
					"$(SRCROOT)/../cocos2d/cocos/platform/ios/Simulation",
				);
				INFOPLIST_FILE = ios/Info.plist;
				IPHONEOS_DEPLOYMENT_TARGET = 5.0;
				LIBRARY_SEARCH_PATHS = "$(PROJECT_DIR)";
				SDKROOT = iphoneos;
				TARGETED_DEVICE_FAMILY = "1,2";
				USER_HEADER_SEARCH_PATHS = "";
			};
			name = Debug;
		};
		1D6058950D05DD3E006BFB54 /* Release */ = {
			isa = XCBuildConfiguration;
			buildSettings = {
				ALWAYS_SEARCH_USER_PATHS = YES;
				CODE_SIGN_IDENTITY = "iPhone Developer";
				COMPRESS_PNG_FILES = NO;
				GCC_INLINES_ARE_PRIVATE_EXTERN = NO;
				GCC_PRECOMPILE_PREFIX_HEADER = YES;
				GCC_PREFIX_HEADER = ios/Prefix.pch;
				GCC_PREPROCESSOR_DEFINITIONS = (
					USE_FILE32API,
					CC_TARGET_OS_IPHONE,
					"CC_ENABLE_CHIPMUNK_INTEGRATION=1",
				);
				GCC_SYMBOLS_PRIVATE_EXTERN = NO;
				HEADER_SEARCH_PATHS = (
					"$(inherited)",
					"$(SRCROOT)/../cocos2d/cocos/platform/ios",
					"$(SRCROOT)/../cocos2d/cocos/platform/ios/Simulation",
				);
				INFOPLIST_FILE = ios/Info.plist;
				IPHONEOS_DEPLOYMENT_TARGET = 5.0;
				LIBRARY_SEARCH_PATHS = "$(PROJECT_DIR)";
				SDKROOT = iphoneos;
				TARGETED_DEVICE_FAMILY = "1,2";
				USER_HEADER_SEARCH_PATHS = "";
			};
			name = Release;
		};
		5087E76D17EB910900C73F5D /* Debug */ = {
			isa = XCBuildConfiguration;
			buildSettings = {
				ALWAYS_SEARCH_USER_PATHS = YES;
				ARCHS = "$(ARCHS_STANDARD_64_BIT)";
				CLANG_CXX_LANGUAGE_STANDARD = "c++0x";
				CLANG_CXX_LIBRARY = "libc++";
				GCC_DYNAMIC_NO_PIC = NO;
				GCC_INLINES_ARE_PRIVATE_EXTERN = NO;
				GCC_PRECOMPILE_PREFIX_HEADER = YES;
				GCC_PREFIX_HEADER = mac/Prefix.pch;
				GCC_PREPROCESSOR_DEFINITIONS = (
					USE_FILE32API,
					CC_TARGET_OS_MAC,
					"COCOS2D_DEBUG=1",
					"CC_ENABLE_CHIPMUNK_INTEGRATION=1",
				);
				GCC_SYMBOLS_PRIVATE_EXTERN = NO;
				HEADER_SEARCH_PATHS = (
					"$(inherited)",
					"$(SRCROOT)/../cocos2d/cocos/platform/mac",
					"$(SRCROOT)/../cocos2d/external/glfw3/include/mac",
					"/Users/dai/cocos2dx/cocos2d-x-3.2/project/Net_2/Classes",
				);
				INFOPLIST_FILE = mac/Info.plist;
				LIBRARY_SEARCH_PATHS = "$(PROJECT_DIR)";
				USER_HEADER_SEARCH_PATHS = "";
			};
			name = Debug;
		};
		5087E76E17EB910900C73F5D /* Release */ = {
			isa = XCBuildConfiguration;
			buildSettings = {
				ALWAYS_SEARCH_USER_PATHS = YES;
				ARCHS = "$(ARCHS_STANDARD_64_BIT)";
				CLANG_CXX_LANGUAGE_STANDARD = "c++0x";
				CLANG_CXX_LIBRARY = "libc++";
				GCC_INLINES_ARE_PRIVATE_EXTERN = NO;
				GCC_PRECOMPILE_PREFIX_HEADER = YES;
				GCC_PREFIX_HEADER = mac/Prefix.pch;
				GCC_PREPROCESSOR_DEFINITIONS = (
					USE_FILE32API,
					CC_TARGET_OS_MAC,
					"CC_ENABLE_CHIPMUNK_INTEGRATION=1",
				);
				GCC_SYMBOLS_PRIVATE_EXTERN = NO;
				HEADER_SEARCH_PATHS = (
					"$(inherited)",
					"$(SRCROOT)/../cocos2d/cocos/platform/mac",
					"$(SRCROOT)/../cocos2d/external/glfw3/include/mac",
					"/Users/dai/cocos2dx/cocos2d-x-3.2/project/Net_2/Classes",
				);
				INFOPLIST_FILE = mac/Info.plist;
				LIBRARY_SEARCH_PATHS = "$(PROJECT_DIR)";
				USER_HEADER_SEARCH_PATHS = "";
			};
			name = Release;
		};
		C01FCF4F08A954540054247B /* Debug */ = {
			isa = XCBuildConfiguration;
			buildSettings = {
				CLANG_CXX_LANGUAGE_STANDARD = "c++0x";
				CLANG_CXX_LIBRARY = "libc++";
				COPY_PHASE_STRIP = NO;
				GCC_OPTIMIZATION_LEVEL = 0;
				GCC_WARN_ABOUT_RETURN_TYPE = YES;
				GCC_WARN_UNUSED_VARIABLE = YES;
				HEADER_SEARCH_PATHS = (
					"$(SRCROOT)/../cocos2d",
					"$(SRCROOT)/../cocos2d/cocos",
					"$(SRCROOT)/../cocos2d/cocos/base",
					"$(SRCROOT)/../cocos2d/cocos/physics",
					"$(SRCROOT)/../cocos2d/cocos/math",
					"$(SRCROOT)/../cocos2d/cocos/2d",
					"$(SRCROOT)/../cocos2d/cocos/ui",
					"$(SRCROOT)/../cocos2d/cocos/network",
					"$(SRCROOT)/../cocos2d/cocos/audio/include",
					"$(SRCROOT)/../cocos2d/cocos/editor-support",
					"$(SRCROOT)/../cocos2d/extensions",
					"$(SRCROOT)/../cocos2d/external",
					"$(SRCROOT)/../cocos2d/external/chipmunk/include/chipmunk",
				);
				MACOSX_DEPLOYMENT_TARGET = 10.7;
				ONLY_ACTIVE_ARCH = YES;
				PRODUCT_NAME = "$(TARGET_NAME)";
				SDKROOT = macosx;
			};
			name = Debug;
		};
		C01FCF5008A954540054247B /* Release */ = {
			isa = XCBuildConfiguration;
			buildSettings = {
				CLANG_CXX_LANGUAGE_STANDARD = "c++0x";
				CLANG_CXX_LIBRARY = "libc++";
				GCC_WARN_ABOUT_RETURN_TYPE = YES;
				GCC_WARN_UNUSED_VARIABLE = YES;
				HEADER_SEARCH_PATHS = (
					"$(SRCROOT)/../cocos2d",
					"$(SRCROOT)/../cocos2d/cocos",
					"$(SRCROOT)/../cocos2d/cocos/base",
					"$(SRCROOT)/../cocos2d/cocos/physics",
					"$(SRCROOT)/../cocos2d/cocos/math",
					"$(SRCROOT)/../cocos2d/cocos/2d",
					"$(SRCROOT)/../cocos2d/cocos/ui",
					"$(SRCROOT)/../cocos2d/cocos/network",
					"$(SRCROOT)/../cocos2d/cocos/audio/include",
					"$(SRCROOT)/../cocos2d/cocos/editor-support",
					"$(SRCROOT)/../cocos2d/extensions",
					"$(SRCROOT)/../cocos2d/external",
					"$(SRCROOT)/../cocos2d/external/chipmunk/include/chipmunk",
				);
				MACOSX_DEPLOYMENT_TARGET = 10.7;
				OTHER_CFLAGS = "-DNS_BLOCK_ASSERTIONS=1";
				PRODUCT_NAME = "$(TARGET_NAME)";
				SDKROOT = macosx;
				VALIDATE_PRODUCT = YES;
			};
			name = Release;
		};
/* End XCBuildConfiguration section */

/* Begin XCConfigurationList section */
		1D6058960D05DD3E006BFB54 /* Build configuration list for PBXNativeTarget "Net_2 iOS" */ = {
			isa = XCConfigurationList;
			buildConfigurations = (
				1D6058940D05DD3E006BFB54 /* Debug */,
				1D6058950D05DD3E006BFB54 /* Release */,
			);
			defaultConfigurationIsVisible = 0;
			defaultConfigurationName = Debug;
		};
		5087E76C17EB910900C73F5D /* Build configuration list for PBXNativeTarget "Net_2 Mac" */ = {
			isa = XCConfigurationList;
			buildConfigurations = (
				5087E76D17EB910900C73F5D /* Debug */,
				5087E76E17EB910900C73F5D /* Release */,
			);
			defaultConfigurationIsVisible = 0;
			defaultConfigurationName = Debug;
		};
		C01FCF4E08A954540054247B /* Build configuration list for PBXProject "Net_2" */ = {
			isa = XCConfigurationList;
			buildConfigurations = (
				C01FCF4F08A954540054247B /* Debug */,
				C01FCF5008A954540054247B /* Release */,
			);
			defaultConfigurationIsVisible = 0;
			defaultConfigurationName = Debug;
		};
/* End XCConfigurationList section */
	};
	rootObject = 29B97313FDCFA39411CA2CEA /* Project object */;
}
